<?xml version="1.0" encoding="utf-8"?>
<Project ToolsVersion="4.0" xmlns="http://schemas.microsoft.com/developer/msbuild/2003">
  <ItemGroup>
    <Filter Include="资源文件">
      <UniqueIdentifier>{67DA6AB6-F800-4c08-8B7A-83BB121AAD01}</UniqueIdentifier>
      <Extensions>rc;ico;cur;bmp;dlg;rc2;rct;bin;rgs;gif;jpg;jpeg;jpe;resx;tiff;tif;png;wav;mfcribbon-ms</Extensions>
    </Filter>
    <Filter Include="Src">
      <UniqueIdentifier>{6de3e6df-ea2e-4717-9f34-02e608d9651a}</UniqueIdentifier>
    </Filter>
    <Filter Include="Inc">
      <UniqueIdentifier>{6a3ca4ef-bc0a-4981-af1c-165c25270ee0}</UniqueIdentifier>
    </Filter>
    <Filter Include="Pch">
      <UniqueIdentifier>{f4daa429-3a41-41af-b2ae-a57d8083b298}</UniqueIdentifier>
    </Filter>
    <Filter Include="Src\Shader">
      <UniqueIdentifier>{cc42d0a4-2963-4260-9563-d01f8001c6b5}</UniqueIdentifier>
    </Filter>
  </ItemGroup>
  <ItemGroup>
    <Text Include="ReadMe.txt" />
  </ItemGroup>
  <ItemGroup>
    <ClInclude Include="Inc\VRPlayer_D3D11.h">
      <Filter>Inc</Filter>
    </ClInclude>
    <ClInclude Include="Src\RenderContext_D3D11.h">
      <Filter>Src</Filter>
    </ClInclude>
    <ClInclude Include="Pch\stdafx.h">
      <Filter>Pch</Filter>
    </ClInclude>
    <ClInclude Include="Pch\targetver.h">
      <Filter>Pch</Filter>
    </ClInclude>
    <ClInclude Include="Src\Shader\RGB_PixelShader.h">
      <Filter>Src\Shader</Filter>
    </ClInclude>
    <ClInclude Include="Src\Shader\RGB_VertexShader.h">
      <Filter>Src\Shader</Filter>
    </ClInclude>
    <ClInclude Include="Src\Shader\YUV_PixelShader.h">
      <Filter>Src\Shader</Filter>
    </ClInclude>
    <ClInclude Include="Src\Shader\YUV_VertexShader.h">
      <Filter>Src\Shader</Filter>
    </ClInclude>
  </ItemGroup>
  <ItemGroup>
    <ClCompile Include="Src\RenderContext_D3D11.cpp">
      <Filter>Src</Filter>
    </ClCompile>
    <ClCompile Include="Src\VRPlayer_D3D11.cpp">
      <Filter>Src</Filter>
    </ClCompile>
    <ClCompile Include="Pch\stdafx.cpp">
      <Filter>Pch</Filter>
    </ClCompile>
  </ItemGroup>
</Project>