<?xml version="1.0" encoding="utf-8"?>
<Project ToolsVersion="4.0" xmlns="http://schemas.microsoft.com/developer/msbuild/2003">
  <ItemGroup>
    <Text Include="ReadMe.txt" />
  </ItemGroup>
  <ItemGroup>
    <ClInclude Include="Inc\LostCore.h">
      <Filter>Inc</Filter>
    </ClInclude>
    <ClInclude Include="Inc\BasicScene.h">
      <Filter>Inc</Filter>
    </ClInclude>
    <ClInclude Include="Inc\BasicWorld.h">
      <Filter>Inc</Filter>
    </ClInclude>
    <ClInclude Include="stdafx.h" />
    <ClInclude Include="Inc\Math\Matrix.h">
      <Filter>Inc\Math</Filter>
    </ClInclude>
    <ClInclude Include="Inc\Math\Quat.h">
      <Filter>Inc\Math</Filter>
    </ClInclude>
    <ClInclude Include="Inc\Math\MathBase.h">
      <Filter>Inc\Math</Filter>
    </ClInclude>
    <ClInclude Include="Inc\Math\Vector2.h">
      <Filter>Inc\Math</Filter>
    </ClInclude>
    <ClInclude Include="Inc\Math\Vector3.h">
      <Filter>Inc\Math</Filter>
    </ClInclude>
    <ClInclude Include="Inc\Math\Vector4.h">
      <Filter>Inc\Math</Filter>
    </ClInclude>
    <ClInclude Include="Inc\BasicCamera.h">
      <Filter>Inc</Filter>
    </ClInclude>
    <ClInclude Include="Inc\BasicInterface.h">
      <Filter>Inc</Filter>
    </ClInclude>
    <ClInclude Include="Inc\File\json.hpp">
      <Filter>Inc\File</Filter>
    </ClInclude>
    <ClInclude Include="Inc\File\DirectoryHelper.h">
      <Filter>Inc\File</Filter>
    </ClInclude>
    <ClInclude Include="Inc\BasicGUI.h">
      <Filter>Inc</Filter>
    </ClInclude>
    <ClInclude Include="RenderCore\FontProvider.h">
      <Filter>RenderCore</Filter>
    </ClInclude>
    <ClInclude Include="Inc\Animation.h">
      <Filter>Inc</Filter>
    </ClInclude>
    <ClInclude Include="RenderCore\Resource\MeshLoader.h">
      <Filter>RenderCore\Resource</Filter>
    </ClInclude>
    <ClInclude Include="Inc\BasicModel.h">
      <Filter>Inc</Filter>
    </ClInclude>
    <ClInclude Include="Inc\VertexTypes.h">
      <Filter>Inc</Filter>
    </ClInclude>
    <ClInclude Include="Inc\Serialize\Serialization.h">
      <Filter>Inc\Serialize</Filter>
    </ClInclude>
    <ClInclude Include="Inc\Serialize\StructSerialize.h">
      <Filter>Inc\Serialize</Filter>
    </ClInclude>
    <ClInclude Include="Inc\Math\Transform2.h">
      <Filter>Inc\Math</Filter>
    </ClInclude>
    <ClInclude Include="Inc\Math\Color.h">
      <Filter>Inc\Math</Filter>
    </ClInclude>
    <ClInclude Include="Inc\Gizmo\GizmoAxis.h">
      <Filter>Inc\Gizmo</Filter>
    </ClInclude>
    <ClInclude Include="Inc\Gizmo\GizmoLine.h">
      <Filter>Inc\Gizmo</Filter>
    </ClInclude>
    <ClInclude Include="Inc\FBXEditor.h">
      <Filter>Inc</Filter>
    </ClInclude>
    <ClInclude Include="Inc\Threading\CommandQueue.h">
      <Filter>Inc\Threading</Filter>
    </ClInclude>
    <ClInclude Include="Inc\GlobalHandler.h">
      <Filter>Inc</Filter>
    </ClInclude>
    <ClInclude Include="Inc\Math\Curves.h">
      <Filter>Inc\Math</Filter>
    </ClInclude>
    <ClInclude Include="Inc\ModelFactory.h">
      <Filter>Inc</Filter>
    </ClInclude>
    <ClInclude Include="Inc\Math\AABB.h">
      <Filter>Inc\Math</Filter>
    </ClInclude>
    <ClInclude Include="Inc\Math\Intersect.h">
      <Filter>Inc\Math</Filter>
    </ClInclude>
    <ClInclude Include="Inc\Math\Line.h">
      <Filter>Inc\Math</Filter>
    </ClInclude>
    <ClInclude Include="Inc\Math\Plane.h">
      <Filter>Inc\Math</Filter>
    </ClInclude>
    <ClInclude Include="Inc\Gizmo\GizmoOperator.h">
      <Filter>Inc\Gizmo</Filter>
    </ClInclude>
    <ClInclude Include="Inc\Misc\Includs.h">
      <Filter>Inc\Misc</Filter>
    </ClInclude>
    <ClInclude Include="Inc\Misc\Macros.h">
      <Filter>Inc\Misc</Filter>
    </ClInclude>
    <ClInclude Include="Inc\Misc\StringUtils.h">
      <Filter>Inc\Misc</Filter>
    </ClInclude>
    <ClInclude Include="Inc\Misc\TypeDefs.h">
      <Filter>Inc\Misc</Filter>
    </ClInclude>
    <ClInclude Include="Inc\Misc\Log.h">
      <Filter>Inc\Misc</Filter>
    </ClInclude>
    <ClInclude Include="Inc\Misc\Export.h">
      <Filter>Inc\Misc</Filter>
    </ClInclude>
    <ClInclude Include="Inc\Misc\Pointers.h">
      <Filter>Inc\Misc</Filter>
    </ClInclude>
    <ClInclude Include="Inc\Misc\Counters.h">
      <Filter>Inc\Misc</Filter>
    </ClInclude>
    <ClInclude Include="Inc\Interface\Drawable.h">
      <Filter>Inc\Interface</Filter>
    </ClInclude>
    <ClInclude Include="Inc\Interface\FontInterface.h">
      <Filter>Inc\Interface</Filter>
    </ClInclude>
    <ClInclude Include="Inc\Interface\MaterialInterface.h">
      <Filter>Inc\Interface</Filter>
    </ClInclude>
    <ClInclude Include="Inc\Interface\PrimitiveGroupInterface.h">
      <Filter>Inc\Interface</Filter>
    </ClInclude>
    <ClInclude Include="Inc\Interface\RenderContextInterface.h">
      <Filter>Inc\Interface</Filter>
    </ClInclude>
    <ClInclude Include="Inc\Interface\TextureInterface.h">
      <Filter>Inc\Interface</Filter>
    </ClInclude>
    <ClInclude Include="Inc\Misc\Constants.h">
      <Filter>Inc\Misc</Filter>
    </ClInclude>
    <ClInclude Include="Inc\LostCoreIncludes.h">
      <Filter>Inc</Filter>
    </ClInclude>
    <ClInclude Include="Inc\ConstantBuffers.h">
      <Filter>Inc</Filter>
    </ClInclude>
    <ClInclude Include="Inc\Interface\ConstantBufferInterface.h">
      <Filter>Inc\Interface</Filter>
    </ClInclude>
  </ItemGroup>
  <ItemGroup>
    <ClCompile Include="dllmain.cpp" />
    <ClCompile Include="stdafx.cpp" />
    <ClCompile Include="RenderCore\BasicWorld.cpp">
      <Filter>RenderCore</Filter>
    </ClCompile>
    <ClCompile Include="Src\LostCore.cpp">
      <Filter>Src</Filter>
    </ClCompile>
    <ClCompile Include="RenderCore\BasicScene.cpp">
      <Filter>RenderCore</Filter>
    </ClCompile>
    <ClCompile Include="RenderCore\BasicCamera.cpp">
      <Filter>RenderCore</Filter>
    </ClCompile>
    <ClCompile Include="RenderCore\BasicGUI.cpp">
      <Filter>RenderCore</Filter>
    </ClCompile>
    <ClCompile Include="RenderCore\FontProvider.cpp">
      <Filter>RenderCore</Filter>
    </ClCompile>
    <ClCompile Include="RenderCore\Skeleton\Animation.cpp">
      <Filter>RenderCore\Skeleton</Filter>
    </ClCompile>
    <ClCompile Include="RenderCore\Resource\MeshLoader.cpp">
      <Filter>RenderCore\Resource</Filter>
    </ClCompile>
    <ClCompile Include="RenderCore\BasicModel.cpp">
      <Filter>RenderCore</Filter>
    </ClCompile>
    <ClCompile Include="RenderCore\Gizmo\GizmoAxis.cpp">
      <Filter>RenderCore\Gizmo</Filter>
    </ClCompile>
    <ClCompile Include="RenderCore\Gizmo\GizmoLine.cpp">
      <Filter>RenderCore\Gizmo</Filter>
    </ClCompile>
    <ClCompile Include="Src\FBXEditor.cpp">
      <Filter>Src</Filter>
    </ClCompile>
    <ClCompile Include="Src\GlobalHandler.cpp">
      <Filter>Src</Filter>
    </ClCompile>
    <ClCompile Include="RenderCore\ModelFactory.cpp">
      <Filter>RenderCore</Filter>
    </ClCompile>
    <ClCompile Include="RenderCore\Gizmo\GizmoOperator.cpp">
      <Filter>RenderCore\Gizmo</Filter>
    </ClCompile>
  </ItemGroup>
  <ItemGroup>
    <Filter Include="RenderCore">
      <UniqueIdentifier>{66bd4fa5-68ac-496e-85e3-9dfa88dc4575}</UniqueIdentifier>
    </Filter>
    <Filter Include="Inc">
      <UniqueIdentifier>{542b5db1-07af-4772-8357-2afb4e7d8bcf}</UniqueIdentifier>
    </Filter>
    <Filter Include="Src">
      <UniqueIdentifier>{0388b4ab-6aa8-47c6-8abf-4963292af8e1}</UniqueIdentifier>
    </Filter>
    <Filter Include="Inc\Math">
      <UniqueIdentifier>{909fecc6-bb3a-4071-9a13-b1e68c02aa73}</UniqueIdentifier>
    </Filter>
    <Filter Include="Inc\File">
      <UniqueIdentifier>{abc05cea-8f53-40ff-b3d6-473cbb51b686}</UniqueIdentifier>
    </Filter>
    <Filter Include="RenderCore\Skeleton">
      <UniqueIdentifier>{24aa1a9a-c611-4f64-a6e3-6e6a4f0b6af2}</UniqueIdentifier>
    </Filter>
    <Filter Include="RenderCore\Resource">
      <UniqueIdentifier>{7d9510d6-461c-455a-a0e0-38ffb316efa1}</UniqueIdentifier>
    </Filter>
    <Filter Include="Inc\Serialize">
      <UniqueIdentifier>{0f0f3142-2263-4f52-9369-a21c2475add1}</UniqueIdentifier>
    </Filter>
    <Filter Include="RenderCore\Gizmo">
      <UniqueIdentifier>{c4913501-0a70-4738-8692-211cee22174e}</UniqueIdentifier>
    </Filter>
    <Filter Include="Inc\Gizmo">
      <UniqueIdentifier>{ac821ada-0fa1-45a5-b8a9-a6506cb2350b}</UniqueIdentifier>
    </Filter>
    <Filter Include="Inc\Threading">
      <UniqueIdentifier>{4889cfec-c649-4981-b14d-aa099a0769ec}</UniqueIdentifier>
    </Filter>
    <Filter Include="Inc\Misc">
      <UniqueIdentifier>{f2cce9f6-5dc0-4e25-9292-388aaabee156}</UniqueIdentifier>
    </Filter>
    <Filter Include="Inc\Interface">
      <UniqueIdentifier>{f333c99e-de8e-4923-9198-64d07ee84dd7}</UniqueIdentifier>
    </Filter>
  </ItemGroup>
</Project>