<?xml version="1.0" encoding="utf-8"?>
<Project ToolsVersion="4.0" xmlns="http://schemas.microsoft.com/developer/msbuild/2003">
  <ItemGroup>
    <Text Include="ReadMe.txt" />
  </ItemGroup>
  <ItemGroup>
    <ClInclude Include="targetver.h" />
    <ClInclude Include="Interface\MaterialInterface.h">
      <Filter>Interface</Filter>
    </ClInclude>
    <ClInclude Include="Interface\RenderContextInterface.h">
      <Filter>Interface</Filter>
    </ClInclude>
    <ClInclude Include="Interface\TextureInterface.h">
      <Filter>Interface</Filter>
    </ClInclude>
    <ClInclude Include="Interface\PrimitiveGroupInterface.h">
      <Filter>Interface</Filter>
    </ClInclude>
    <ClInclude Include="Interface\Drawable.h">
      <Filter>Interface</Filter>
    </ClInclude>
    <ClInclude Include="Inc\LostCore.h">
      <Filter>Inc</Filter>
    </ClInclude>
    <ClInclude Include="Inc\ExportTest.h">
      <Filter>Inc</Filter>
    </ClInclude>
    <ClInclude Include="Inc\SimpleWorld.h">
      <Filter>Inc</Filter>
    </ClInclude>
    <ClInclude Include="Inc\BasicScene.h">
      <Filter>Inc</Filter>
    </ClInclude>
    <ClInclude Include="Inc\BasicWorld.h">
      <Filter>Inc</Filter>
    </ClInclude>
    <ClInclude Include="stdafx.h" />
    <ClInclude Include="Inc\Math\Matrix.h">
      <Filter>Inc\Math</Filter>
    </ClInclude>
    <ClInclude Include="Inc\Math\Quat.h">
      <Filter>Inc\Math</Filter>
    </ClInclude>
    <ClInclude Include="Inc\Math\Transform.h">
      <Filter>Inc\Math</Filter>
    </ClInclude>
    <ClInclude Include="Inc\Math\MathBase.h">
      <Filter>Inc\Math</Filter>
    </ClInclude>
    <ClInclude Include="Inc\Math\Vector2.h">
      <Filter>Inc\Math</Filter>
    </ClInclude>
    <ClInclude Include="Inc\Math\Vector3.h">
      <Filter>Inc\Math</Filter>
    </ClInclude>
    <ClInclude Include="Inc\Math\Vector4.h">
      <Filter>Inc\Math</Filter>
    </ClInclude>
    <ClInclude Include="Inc\BasicCamera.h">
      <Filter>Inc</Filter>
    </ClInclude>
    <ClInclude Include="Inc\BasicInterface.h">
      <Filter>Inc</Filter>
    </ClInclude>
    <ClInclude Include="Inc\File\json.hpp">
      <Filter>Inc\File</Filter>
    </ClInclude>
    <ClInclude Include="Inc\File\DirectoryHelper.h">
      <Filter>Inc\File</Filter>
    </ClInclude>
    <ClInclude Include="Inc\BasicGUI.h">
      <Filter>Inc</Filter>
    </ClInclude>
    <ClInclude Include="Interface\FontInterface.h">
      <Filter>Interface</Filter>
    </ClInclude>
    <ClInclude Include="RenderCore\FontProvider.h">
      <Filter>RenderCore</Filter>
    </ClInclude>
    <ClInclude Include="Inc\Animation.h">
      <Filter>Inc</Filter>
    </ClInclude>
    <ClInclude Include="Inc\Pose.h">
      <Filter>Inc</Filter>
    </ClInclude>
    <ClInclude Include="RenderCore\Resource\MeshLoader.h">
      <Filter>RenderCore\Resource</Filter>
    </ClInclude>
    <ClInclude Include="Inc\BasicModel.h">
      <Filter>Inc</Filter>
    </ClInclude>
    <ClInclude Include="Inc\VertexTypes.h">
      <Filter>Inc</Filter>
    </ClInclude>
    <ClInclude Include="Inc\Keywords.h">
      <Filter>Inc</Filter>
    </ClInclude>
    <ClInclude Include="Inc\Serialize\Serialization.h">
      <Filter>Inc\Serialize</Filter>
    </ClInclude>
    <ClInclude Include="Inc\Serialize\StructSerialize.h">
      <Filter>Inc\Serialize</Filter>
    </ClInclude>
  </ItemGroup>
  <ItemGroup>
    <ClCompile Include="dllmain.cpp" />
    <ClCompile Include="stdafx.cpp" />
    <ClCompile Include="RenderCore\BasicWorld.cpp">
      <Filter>RenderCore</Filter>
    </ClCompile>
    <ClCompile Include="Src\LostCore.cpp">
      <Filter>Src</Filter>
    </ClCompile>
    <ClCompile Include="Src\SimpleWorld.cpp">
      <Filter>Src</Filter>
    </ClCompile>
    <ClCompile Include="RenderCore\BasicScene.cpp">
      <Filter>RenderCore</Filter>
    </ClCompile>
    <ClCompile Include="RenderCore\BasicCamera.cpp">
      <Filter>RenderCore</Filter>
    </ClCompile>
    <ClCompile Include="RenderCore\BasicGUI.cpp">
      <Filter>RenderCore</Filter>
    </ClCompile>
    <ClCompile Include="RenderCore\FontProvider.cpp">
      <Filter>RenderCore</Filter>
    </ClCompile>
    <ClCompile Include="RenderCore\Skeleton\Animation.cpp">
      <Filter>RenderCore\Skeleton</Filter>
    </ClCompile>
    <ClCompile Include="RenderCore\Skeleton\Pose.cpp">
      <Filter>RenderCore\Skeleton</Filter>
    </ClCompile>
    <ClCompile Include="RenderCore\Resource\MeshLoader.cpp">
      <Filter>RenderCore\Resource</Filter>
    </ClCompile>
    <ClCompile Include="RenderCore\BasicModel.cpp">
      <Filter>RenderCore</Filter>
    </ClCompile>
  </ItemGroup>
  <ItemGroup>
    <Filter Include="Interface">
      <UniqueIdentifier>{050b25b3-ab71-446c-b69f-8092291a77b6}</UniqueIdentifier>
    </Filter>
    <Filter Include="RenderCore">
      <UniqueIdentifier>{66bd4fa5-68ac-496e-85e3-9dfa88dc4575}</UniqueIdentifier>
    </Filter>
    <Filter Include="Inc">
      <UniqueIdentifier>{542b5db1-07af-4772-8357-2afb4e7d8bcf}</UniqueIdentifier>
    </Filter>
    <Filter Include="Src">
      <UniqueIdentifier>{0388b4ab-6aa8-47c6-8abf-4963292af8e1}</UniqueIdentifier>
    </Filter>
    <Filter Include="Inc\Math">
      <UniqueIdentifier>{909fecc6-bb3a-4071-9a13-b1e68c02aa73}</UniqueIdentifier>
    </Filter>
    <Filter Include="Inc\File">
      <UniqueIdentifier>{abc05cea-8f53-40ff-b3d6-473cbb51b686}</UniqueIdentifier>
    </Filter>
    <Filter Include="RenderCore\Skeleton">
      <UniqueIdentifier>{24aa1a9a-c611-4f64-a6e3-6e6a4f0b6af2}</UniqueIdentifier>
    </Filter>
    <Filter Include="RenderCore\Resource">
      <UniqueIdentifier>{7d9510d6-461c-455a-a0e0-38ffb316efa1}</UniqueIdentifier>
    </Filter>
    <Filter Include="Inc\Serialize">
      <UniqueIdentifier>{0f0f3142-2263-4f52-9369-a21c2475add1}</UniqueIdentifier>
    </Filter>
  </ItemGroup>
</Project>