<?xml version="1.0" encoding="utf-8"?>
<Project ToolsVersion="4.0" xmlns="http://schemas.microsoft.com/developer/msbuild/2003">
  <ItemGroup>
    <Text Include="ReadMe.txt" />
  </ItemGroup>
  <ItemGroup>
    <ClInclude Include="Inc\LostCore.h">
      <Filter>Inc</Filter>
    </ClInclude>
    <ClInclude Include="stdafx.h" />
    <ClInclude Include="Inc\Math\Matrix.h">
      <Filter>Inc\Math</Filter>
    </ClInclude>
    <ClInclude Include="Inc\Math\Quat.h">
      <Filter>Inc\Math</Filter>
    </ClInclude>
    <ClInclude Include="Inc\Math\MathBase.h">
      <Filter>Inc\Math</Filter>
    </ClInclude>
    <ClInclude Include="Inc\Math\Vector2.h">
      <Filter>Inc\Math</Filter>
    </ClInclude>
    <ClInclude Include="Inc\Math\Vector3.h">
      <Filter>Inc\Math</Filter>
    </ClInclude>
    <ClInclude Include="Inc\Math\Vector4.h">
      <Filter>Inc\Math</Filter>
    </ClInclude>
    <ClInclude Include="Inc\File\json.hpp">
      <Filter>Inc\File</Filter>
    </ClInclude>
    <ClInclude Include="Inc\File\DirectoryHelper.h">
      <Filter>Inc\File</Filter>
    </ClInclude>
    <ClInclude Include="Inc\VertexTypes.h">
      <Filter>Inc</Filter>
    </ClInclude>
    <ClInclude Include="Inc\Serialize\Serialization.h">
      <Filter>Inc\Serialize</Filter>
    </ClInclude>
    <ClInclude Include="Inc\Serialize\StructSerialize.h">
      <Filter>Inc\Serialize</Filter>
    </ClInclude>
    <ClInclude Include="Inc\Math\Transform2.h">
      <Filter>Inc\Math</Filter>
    </ClInclude>
    <ClInclude Include="Inc\Math\Color.h">
      <Filter>Inc\Math</Filter>
    </ClInclude>
    <ClInclude Include="Inc\GlobalHandler.h">
      <Filter>Inc</Filter>
    </ClInclude>
    <ClInclude Include="Inc\Math\Curves.h">
      <Filter>Inc\Math</Filter>
    </ClInclude>
    <ClInclude Include="Inc\Math\AABB.h">
      <Filter>Inc\Math</Filter>
    </ClInclude>
    <ClInclude Include="Inc\Math\Intersect.h">
      <Filter>Inc\Math</Filter>
    </ClInclude>
    <ClInclude Include="Inc\Math\Line.h">
      <Filter>Inc\Math</Filter>
    </ClInclude>
    <ClInclude Include="Inc\Math\Plane.h">
      <Filter>Inc\Math</Filter>
    </ClInclude>
    <ClInclude Include="Inc\Misc\Includs.h">
      <Filter>Inc\Misc</Filter>
    </ClInclude>
    <ClInclude Include="Inc\Misc\Macros.h">
      <Filter>Inc\Misc</Filter>
    </ClInclude>
    <ClInclude Include="Inc\Misc\StringUtils.h">
      <Filter>Inc\Misc</Filter>
    </ClInclude>
    <ClInclude Include="Inc\Misc\TypeDefs.h">
      <Filter>Inc\Misc</Filter>
    </ClInclude>
    <ClInclude Include="Inc\Misc\Log.h">
      <Filter>Inc\Misc</Filter>
    </ClInclude>
    <ClInclude Include="Inc\Misc\Export.h">
      <Filter>Inc\Misc</Filter>
    </ClInclude>
    <ClInclude Include="Inc\Misc\Pointers.h">
      <Filter>Inc\Misc</Filter>
    </ClInclude>
    <ClInclude Include="Inc\Interface\Drawable.h">
      <Filter>Inc\Interface</Filter>
    </ClInclude>
    <ClInclude Include="Inc\Interface\FontInterface.h">
      <Filter>Inc\Interface</Filter>
    </ClInclude>
    <ClInclude Include="Inc\Interface\MaterialInterface.h">
      <Filter>Inc\Interface</Filter>
    </ClInclude>
    <ClInclude Include="Inc\Interface\PrimitiveGroupInterface.h">
      <Filter>Inc\Interface</Filter>
    </ClInclude>
    <ClInclude Include="Inc\Interface\RenderContextInterface.h">
      <Filter>Inc\Interface</Filter>
    </ClInclude>
    <ClInclude Include="Inc\Interface\TextureInterface.h">
      <Filter>Inc\Interface</Filter>
    </ClInclude>
    <ClInclude Include="Inc\Misc\Constants.h">
      <Filter>Inc\Misc</Filter>
    </ClInclude>
    <ClInclude Include="Inc\LostCoreIncludes.h">
      <Filter>Inc</Filter>
    </ClInclude>
    <ClInclude Include="Inc\ConstantBuffers.h">
      <Filter>Inc</Filter>
    </ClInclude>
    <ClInclude Include="Inc\Interface\ConstantBufferInterface.h">
      <Filter>Inc\Interface</Filter>
    </ClInclude>
    <ClInclude Include="RenderCore\UserInterface\FontProvider.h">
      <Filter>RenderCore\UserInterface</Filter>
    </ClInclude>
    <ClInclude Include="RenderCore\UserInterface\TextBox.h">
      <Filter>RenderCore\UserInterface</Filter>
    </ClInclude>
    <ClInclude Include="RenderCore\Console\StackCounterConsole.h">
      <Filter>RenderCore\Console</Filter>
    </ClInclude>
    <ClInclude Include="RenderCore\UserInterface\ListBox.h">
      <Filter>RenderCore\UserInterface</Filter>
    </ClInclude>
    <ClInclude Include="Inc\Misc\Tls.h">
      <Filter>Inc\Misc</Filter>
    </ClInclude>
    <ClInclude Include="Inc\Misc\Thread.h">
      <Filter>Inc\Misc</Filter>
    </ClInclude>
    <ClInclude Include="RenderCore\Light\DirectionalLight.h">
      <Filter>RenderCore\Light</Filter>
    </ClInclude>
    <ClInclude Include="RenderCore\Light\PointLight.h">
      <Filter>RenderCore\Light</Filter>
    </ClInclude>
    <ClInclude Include="RenderCore\Light\SpotLight.h">
      <Filter>RenderCore\Light</Filter>
    </ClInclude>
    <ClInclude Include="Inc\Misc\CommandQueue.h">
      <Filter>Inc\Misc</Filter>
    </ClInclude>
    <ClInclude Include="RenderCore\UserInterface\FontTile.h">
      <Filter>RenderCore\UserInterface</Filter>
    </ClInclude>
    <ClInclude Include="Inc\Interface\InstancingDataInterface.h">
      <Filter>Inc\Interface</Filter>
    </ClInclude>
    <ClInclude Include="Inc\Misc\IDAllocator.h">
      <Filter>Inc\Misc</Filter>
    </ClInclude>
    <ClInclude Include="RenderCore\UserInterface\TextSheet.h">
      <Filter>RenderCore\UserInterface</Filter>
    </ClInclude>
    <ClInclude Include="Inc\Misc\PerformanceCounters.h">
      <Filter>Inc\Misc</Filter>
    </ClInclude>
    <ClInclude Include="Inc\Misc\MemoryCounters.h">
      <Filter>Inc\Misc</Filter>
    </ClInclude>
    <ClInclude Include="Inc\Misc\StackCounters.h">
      <Filter>Inc\Misc</Filter>
    </ClInclude>
    <ClInclude Include="RenderCore\Console\MemoryCounterConsole.h">
      <Filter>RenderCore\Console</Filter>
    </ClInclude>
    <ClInclude Include="RenderCore\Console\ConsoleInterface.h">
      <Filter>RenderCore\Console</Filter>
    </ClInclude>
    <ClInclude Include="RenderCore\TickGroup.h">
      <Filter>RenderCore</Filter>
    </ClInclude>
    <ClInclude Include="RenderCore\UserInterface\BasicGUI.h">
      <Filter>RenderCore\UserInterface</Filter>
    </ClInclude>
    <ClInclude Include="Inc\Math\Average.h">
      <Filter>Inc\Math</Filter>
    </ClInclude>
    <ClInclude Include="RenderCore\Gizmo\GizmoAxis.h">
      <Filter>RenderCore\Gizmo</Filter>
    </ClInclude>
    <ClInclude Include="RenderCore\Gizmo\GizmoLine.h">
      <Filter>RenderCore\Gizmo</Filter>
    </ClInclude>
    <ClInclude Include="RenderCore\Gizmo\GizmoOperator.h">
      <Filter>RenderCore\Gizmo</Filter>
    </ClInclude>
    <ClInclude Include="RenderCore\Scene\BasicCamera.h">
      <Filter>RenderCore\Scene</Filter>
    </ClInclude>
    <ClInclude Include="RenderCore\Scene\BasicInterface.h">
      <Filter>RenderCore\Scene</Filter>
    </ClInclude>
    <ClInclude Include="RenderCore\Scene\BasicModel.h">
      <Filter>RenderCore\Scene</Filter>
    </ClInclude>
    <ClInclude Include="RenderCore\Scene\BasicScene.h">
      <Filter>RenderCore\Scene</Filter>
    </ClInclude>
    <ClInclude Include="RenderCore\Scene\CameraFactory.h">
      <Filter>RenderCore\Scene</Filter>
    </ClInclude>
    <ClInclude Include="RenderCore\Scene\ModelFactory.h">
      <Filter>RenderCore\Scene</Filter>
    </ClInclude>
    <ClInclude Include="RenderCore\Skeleton\Animation.h">
      <Filter>RenderCore\Skeleton</Filter>
    </ClInclude>
  </ItemGroup>
  <ItemGroup>
    <ClCompile Include="stdafx.cpp" />
    <ClCompile Include="Src\LostCore.cpp">
      <Filter>Src</Filter>
    </ClCompile>
    <ClCompile Include="RenderCore\Skeleton\Animation.cpp">
      <Filter>RenderCore\Skeleton</Filter>
    </ClCompile>
    <ClCompile Include="RenderCore\Gizmo\GizmoAxis.cpp">
      <Filter>RenderCore\Gizmo</Filter>
    </ClCompile>
    <ClCompile Include="RenderCore\Gizmo\GizmoLine.cpp">
      <Filter>RenderCore\Gizmo</Filter>
    </ClCompile>
    <ClCompile Include="Src\FBXEditor.cpp">
      <Filter>Src</Filter>
    </ClCompile>
    <ClCompile Include="Src\GlobalHandler.cpp">
      <Filter>Src</Filter>
    </ClCompile>
    <ClCompile Include="RenderCore\Gizmo\GizmoOperator.cpp">
      <Filter>RenderCore\Gizmo</Filter>
    </ClCompile>
    <ClCompile Include="RenderCore\UserInterface\BasicGUI.cpp">
      <Filter>RenderCore\UserInterface</Filter>
    </ClCompile>
    <ClCompile Include="RenderCore\UserInterface\TextBox.cpp">
      <Filter>RenderCore\UserInterface</Filter>
    </ClCompile>
    <ClCompile Include="RenderCore\UserInterface\FontProvider.cpp">
      <Filter>RenderCore\UserInterface</Filter>
    </ClCompile>
    <ClCompile Include="RenderCore\Console\StackCounterConsole.cpp">
      <Filter>RenderCore\Console</Filter>
    </ClCompile>
    <ClCompile Include="RenderCore\UserInterface\ListBox.cpp">
      <Filter>RenderCore\UserInterface</Filter>
    </ClCompile>
    <ClCompile Include="RenderCore\Light\DirectionalLight.cpp">
      <Filter>RenderCore\Light</Filter>
    </ClCompile>
    <ClCompile Include="RenderCore\Light\PointLight.cpp">
      <Filter>RenderCore\Light</Filter>
    </ClCompile>
    <ClCompile Include="RenderCore\Light\SpotLight.cpp">
      <Filter>RenderCore\Light</Filter>
    </ClCompile>
    <ClCompile Include="RenderCore\UserInterface\FontTile.cpp">
      <Filter>RenderCore\UserInterface</Filter>
    </ClCompile>
    <ClCompile Include="RenderCore\UserInterface\TextSheet.cpp">
      <Filter>RenderCore\UserInterface</Filter>
    </ClCompile>
    <ClCompile Include="RenderCore\Console\MemoryCounterConsole.cpp">
      <Filter>RenderCore\Console</Filter>
    </ClCompile>
    <ClCompile Include="RenderCore\Console\ConsoleInterface.cpp">
      <Filter>RenderCore\Console</Filter>
    </ClCompile>
    <ClCompile Include="RenderCore\TickGroup.cpp">
      <Filter>RenderCore</Filter>
    </ClCompile>
    <ClCompile Include="RenderCore\Scene\BasicCamera.cpp">
      <Filter>RenderCore\Scene</Filter>
    </ClCompile>
    <ClCompile Include="RenderCore\Scene\BasicModel.cpp">
      <Filter>RenderCore\Scene</Filter>
    </ClCompile>
    <ClCompile Include="RenderCore\Scene\BasicScene.cpp">
      <Filter>RenderCore\Scene</Filter>
    </ClCompile>
    <ClCompile Include="RenderCore\Scene\CameraFactory.cpp">
      <Filter>RenderCore\Scene</Filter>
    </ClCompile>
    <ClCompile Include="RenderCore\Scene\ModelFactory.cpp">
      <Filter>RenderCore\Scene</Filter>
    </ClCompile>
  </ItemGroup>
  <ItemGroup>
    <Filter Include="RenderCore">
      <UniqueIdentifier>{66bd4fa5-68ac-496e-85e3-9dfa88dc4575}</UniqueIdentifier>
    </Filter>
    <Filter Include="Inc">
      <UniqueIdentifier>{542b5db1-07af-4772-8357-2afb4e7d8bcf}</UniqueIdentifier>
    </Filter>
    <Filter Include="Src">
      <UniqueIdentifier>{0388b4ab-6aa8-47c6-8abf-4963292af8e1}</UniqueIdentifier>
    </Filter>
    <Filter Include="Inc\Math">
      <UniqueIdentifier>{909fecc6-bb3a-4071-9a13-b1e68c02aa73}</UniqueIdentifier>
    </Filter>
    <Filter Include="Inc\File">
      <UniqueIdentifier>{abc05cea-8f53-40ff-b3d6-473cbb51b686}</UniqueIdentifier>
    </Filter>
    <Filter Include="RenderCore\Skeleton">
      <UniqueIdentifier>{24aa1a9a-c611-4f64-a6e3-6e6a4f0b6af2}</UniqueIdentifier>
    </Filter>
    <Filter Include="Inc\Serialize">
      <UniqueIdentifier>{0f0f3142-2263-4f52-9369-a21c2475add1}</UniqueIdentifier>
    </Filter>
    <Filter Include="RenderCore\Gizmo">
      <UniqueIdentifier>{c4913501-0a70-4738-8692-211cee22174e}</UniqueIdentifier>
    </Filter>
    <Filter Include="Inc\Misc">
      <UniqueIdentifier>{f2cce9f6-5dc0-4e25-9292-388aaabee156}</UniqueIdentifier>
    </Filter>
    <Filter Include="Inc\Interface">
      <UniqueIdentifier>{f333c99e-de8e-4923-9198-64d07ee84dd7}</UniqueIdentifier>
    </Filter>
    <Filter Include="RenderCore\UserInterface">
      <UniqueIdentifier>{0f82f836-1cd1-49f9-b332-a1104ddd1223}</UniqueIdentifier>
    </Filter>
    <Filter Include="RenderCore\Console">
      <UniqueIdentifier>{181b7b0e-b729-4448-ae6f-d1637e9592ef}</UniqueIdentifier>
    </Filter>
    <Filter Include="RenderCore\Light">
      <UniqueIdentifier>{7d9510d6-461c-455a-a0e0-38ffb316efa1}</UniqueIdentifier>
    </Filter>
    <Filter Include="RenderCore\Scene">
      <UniqueIdentifier>{45179736-a64c-4574-a1b1-0a922bc9fc2f}</UniqueIdentifier>
    </Filter>
  </ItemGroup>
</Project>