<?xml version="1.0" encoding="utf-8"?>
<Project ToolsVersion="4.0" xmlns="http://schemas.microsoft.com/developer/msbuild/2003">
  <ItemGroup>
    <Filter Include="资源文件">
      <UniqueIdentifier>{67DA6AB6-F800-4c08-8B7A-83BB121AAD01}</UniqueIdentifier>
      <Extensions>rc;ico;cur;bmp;dlg;rc2;rct;bin;rgs;gif;jpg;jpeg;jpe;resx;tiff;tif;png;wav;mfcribbon-ms</Extensions>
    </Filter>
    <Filter Include="samples">
      <UniqueIdentifier>{88a7c89d-1630-4c04-b864-c395fe49dd40}</UniqueIdentifier>
    </Filter>
    <Filter Include="samples\Common">
      <UniqueIdentifier>{90568a99-8d3c-4f6c-b2c3-8e42e1829eba}</UniqueIdentifier>
    </Filter>
  </ItemGroup>
  <ItemGroup>
    <Text Include="ReadMe.txt" />
  </ItemGroup>
  <ItemGroup>
    <ClInclude Include="stdafx.h" />
    <ClInclude Include="targetver.h" />
    <ClInclude Include="Importer.h" />
    <ClInclude Include="samples\Common\Common.h">
      <Filter>samples\Common</Filter>
    </ClInclude>
  </ItemGroup>
  <ItemGroup>
    <ClCompile Include="FbxConverter.cpp" />
    <ClCompile Include="stdafx.cpp" />
    <ClCompile Include="Importer2.cpp" />
    <ClCompile Include="samples\Common\Common.cxx">
      <Filter>samples\Common</Filter>
    </ClCompile>
  </ItemGroup>
</Project>