
Microsoft Visual Studio Solution File, Format Version 12.00
# Visual Studio 14
VisualStudioVersion = 14.0.25420.1
MinimumVisualStudioVersion = 10.0.40219.1
Project("{8BC9CEB8-8B4A-11D0-8D11-00A0C91BC942}") = "LostCore-D3D11", "LostCore-D3D11\LostCore-D3D11.vcxproj", "{9298BAEE-8754-4884-B2E6-3E79AB1F2CD4}"
EndProject
Project("{8BC9CEB8-8B4A-11D0-8D11-00A0C91BC942}") = "LostCore", "LostCore\LostCore.vcxproj", "{1705208B-D15B-4AD5-B1CA-F97C4B41DF74}"
EndProject
Project("{8BC9CEB8-8B4A-11D0-8D11-00A0C91BC942}") = "FbxConverter", "FbxConverter\FbxConverter.vcxproj", "{B268212A-73CD-4D48-8121-3E5276DDAE62}"
EndProject
Project("{8BC9CEB8-8B4A-11D0-8D11-00A0C91BC942}") = "SignatureTarget", "SignatureTarget\SignatureTarget.vcxproj", "{1825A410-0179-4F14-9033-7D40AED4D9D2}"
EndProject
Project("{FAE04EC0-301F-11D3-BF4B-00C04F79EFBC}") = "LostWinForms", "LostWinForms\LostWinForms.csproj", "{82A82D2A-01EF-4EF6-BBD7-DB02A7053A50}"
EndProject
Project("{8BC9CEB8-8B4A-11D0-8D11-00A0C91BC942}") = "ConsoleApplication1", "ConsoleApplication1\ConsoleApplication1.vcxproj", "{56E4897D-5167-40F3-ADDA-CCF761741297}"
EndProject
Global
	GlobalSection(SolutionConfigurationPlatforms) = preSolution
		Debug|Any CPU = Debug|Any CPU
		Debug|x64 = Debug|x64
		Debug|x86 = Debug|x86
		Release|Any CPU = Release|Any CPU
		Release|x64 = Release|x64
		Release|x86 = Release|x86
	EndGlobalSection
	GlobalSection(ProjectConfigurationPlatforms) = postSolution
		{9298BAEE-8754-4884-B2E6-3E79AB1F2CD4}.Debug|Any CPU.ActiveCfg = Debug|Win32
		{9298BAEE-8754-4884-B2E6-3E79AB1F2CD4}.Debug|x64.ActiveCfg = Debug|x64
		{9298BAEE-8754-4884-B2E6-3E79AB1F2CD4}.Debug|x64.Build.0 = Debug|x64
		{9298BAEE-8754-4884-B2E6-3E79AB1F2CD4}.Debug|x86.ActiveCfg = Debug|Win32
		{9298BAEE-8754-4884-B2E6-3E79AB1F2CD4}.Debug|x86.Build.0 = Debug|Win32
		{9298BAEE-8754-4884-B2E6-3E79AB1F2CD4}.Release|Any CPU.ActiveCfg = Release|Win32
		{9298BAEE-8754-4884-B2E6-3E79AB1F2CD4}.Release|x64.ActiveCfg = Release|x64
		{9298BAEE-8754-4884-B2E6-3E79AB1F2CD4}.Release|x64.Build.0 = Release|x64
		{9298BAEE-8754-4884-B2E6-3E79AB1F2CD4}.Release|x86.ActiveCfg = Release|Win32
		{9298BAEE-8754-4884-B2E6-3E79AB1F2CD4}.Release|x86.Build.0 = Release|Win32
		{1705208B-D15B-4AD5-B1CA-F97C4B41DF74}.Debug|Any CPU.ActiveCfg = Debug|Win32
		{1705208B-D15B-4AD5-B1CA-F97C4B41DF74}.Debug|x64.ActiveCfg = Debug|x64
		{1705208B-D15B-4AD5-B1CA-F97C4B41DF74}.Debug|x64.Build.0 = Debug|x64
		{1705208B-D15B-4AD5-B1CA-F97C4B41DF74}.Debug|x86.ActiveCfg = Debug|Win32
		{1705208B-D15B-4AD5-B1CA-F97C4B41DF74}.Debug|x86.Build.0 = Debug|Win32
		{1705208B-D15B-4AD5-B1CA-F97C4B41DF74}.Release|Any CPU.ActiveCfg = Release|Win32
		{1705208B-D15B-4AD5-B1CA-F97C4B41DF74}.Release|x64.ActiveCfg = Release|x64
		{1705208B-D15B-4AD5-B1CA-F97C4B41DF74}.Release|x64.Build.0 = Release|x64
		{1705208B-D15B-4AD5-B1CA-F97C4B41DF74}.Release|x86.ActiveCfg = Release|Win32
		{1705208B-D15B-4AD5-B1CA-F97C4B41DF74}.Release|x86.Build.0 = Release|Win32
		{B268212A-73CD-4D48-8121-3E5276DDAE62}.Debug|Any CPU.ActiveCfg = Debug|Win32
		{B268212A-73CD-4D48-8121-3E5276DDAE62}.Debug|x64.ActiveCfg = Debug|x64
		{B268212A-73CD-4D48-8121-3E5276DDAE62}.Debug|x64.Build.0 = Debug|x64
		{B268212A-73CD-4D48-8121-3E5276DDAE62}.Debug|x86.ActiveCfg = Debug|Win32
		{B268212A-73CD-4D48-8121-3E5276DDAE62}.Debug|x86.Build.0 = Debug|Win32
		{B268212A-73CD-4D48-8121-3E5276DDAE62}.Release|Any CPU.ActiveCfg = Release|Win32
		{B268212A-73CD-4D48-8121-3E5276DDAE62}.Release|x64.ActiveCfg = Release|x64
		{B268212A-73CD-4D48-8121-3E5276DDAE62}.Release|x64.Build.0 = Release|x64
		{B268212A-73CD-4D48-8121-3E5276DDAE62}.Release|x86.ActiveCfg = Release|Win32
		{B268212A-73CD-4D48-8121-3E5276DDAE62}.Release|x86.Build.0 = Release|Win32
		{1825A410-0179-4F14-9033-7D40AED4D9D2}.Debug|Any CPU.ActiveCfg = Debug|Win32
		{1825A410-0179-4F14-9033-7D40AED4D9D2}.Debug|x64.ActiveCfg = Debug|x64
		{1825A410-0179-4F14-9033-7D40AED4D9D2}.Debug|x64.Build.0 = Debug|x64
		{1825A410-0179-4F14-9033-7D40AED4D9D2}.Debug|x86.ActiveCfg = Debug|Win32
		{1825A410-0179-4F14-9033-7D40AED4D9D2}.Debug|x86.Build.0 = Debug|Win32
		{1825A410-0179-4F14-9033-7D40AED4D9D2}.Release|Any CPU.ActiveCfg = Release|Win32
		{1825A410-0179-4F14-9033-7D40AED4D9D2}.Release|x64.ActiveCfg = Release|x64
		{1825A410-0179-4F14-9033-7D40AED4D9D2}.Release|x64.Build.0 = Release|x64
		{1825A410-0179-4F14-9033-7D40AED4D9D2}.Release|x86.ActiveCfg = Release|Win32
		{1825A410-0179-4F14-9033-7D40AED4D9D2}.Release|x86.Build.0 = Release|Win32
		{82A82D2A-01EF-4EF6-BBD7-DB02A7053A50}.Debug|Any CPU.ActiveCfg = Debug|Any CPU
		{82A82D2A-01EF-4EF6-BBD7-DB02A7053A50}.Debug|Any CPU.Build.0 = Debug|Any CPU
		{82A82D2A-01EF-4EF6-BBD7-DB02A7053A50}.Debug|x64.ActiveCfg = Debug|Any CPU
		{82A82D2A-01EF-4EF6-BBD7-DB02A7053A50}.Debug|x64.Build.0 = Debug|Any CPU
		{82A82D2A-01EF-4EF6-BBD7-DB02A7053A50}.Debug|x86.ActiveCfg = Debug|Any CPU
		{82A82D2A-01EF-4EF6-BBD7-DB02A7053A50}.Debug|x86.Build.0 = Debug|Any CPU
		{82A82D2A-01EF-4EF6-BBD7-DB02A7053A50}.Release|Any CPU.ActiveCfg = Release|Any CPU
		{82A82D2A-01EF-4EF6-BBD7-DB02A7053A50}.Release|Any CPU.Build.0 = Release|Any CPU
		{82A82D2A-01EF-4EF6-BBD7-DB02A7053A50}.Release|x64.ActiveCfg = Release|Any CPU
		{82A82D2A-01EF-4EF6-BBD7-DB02A7053A50}.Release|x64.Build.0 = Release|Any CPU
		{82A82D2A-01EF-4EF6-BBD7-DB02A7053A50}.Release|x86.ActiveCfg = Release|Any CPU
		{82A82D2A-01EF-4EF6-BBD7-DB02A7053A50}.Release|x86.Build.0 = Release|Any CPU
		{56E4897D-5167-40F3-ADDA-CCF761741297}.Debug|Any CPU.ActiveCfg = Debug|Win32
		{56E4897D-5167-40F3-ADDA-CCF761741297}.Debug|x64.ActiveCfg = Debug|x64
		{56E4897D-5167-40F3-ADDA-CCF761741297}.Debug|x64.Build.0 = Debug|x64
		{56E4897D-5167-40F3-ADDA-CCF761741297}.Debug|x86.ActiveCfg = Debug|Win32
		{56E4897D-5167-40F3-ADDA-CCF761741297}.Debug|x86.Build.0 = Debug|Win32
		{56E4897D-5167-40F3-ADDA-CCF761741297}.Release|Any CPU.ActiveCfg = Release|Win32
		{56E4897D-5167-40F3-ADDA-CCF761741297}.Release|x64.ActiveCfg = Release|x64
		{56E4897D-5167-40F3-ADDA-CCF761741297}.Release|x64.Build.0 = Release|x64
		{56E4897D-5167-40F3-ADDA-CCF761741297}.Release|x86.ActiveCfg = Release|Win32
		{56E4897D-5167-40F3-ADDA-CCF761741297}.Release|x86.Build.0 = Release|Win32
	EndGlobalSection
	GlobalSection(SolutionProperties) = preSolution
		HideSolutionNode = FALSE
	EndGlobalSection
EndGlobal
