
Microsoft Visual Studio Solution File, Format Version 12.00
# Visual Studio 15
VisualStudioVersion = 15.0.26403.7
MinimumVisualStudioVersion = 10.0.40219.1
Project("{8BC9CEB8-8B4A-11D0-8D11-00A0C91BC942}") = "LostReality", "LostReality\LostReality.vcxproj", "{5D21351B-8837-467E-8A26-57DE42E41BF7}"
EndProject
Project("{8BC9CEB8-8B4A-11D0-8D11-00A0C91BC942}") = "Utilities", "Utilities\Utilities.vcxproj", "{85EAFF79-6C82-424E-AC11-5363094D22AA}"
EndProject
Project("{8BC9CEB8-8B4A-11D0-8D11-00A0C91BC942}") = "LostCore-D3D11", "LostCore-D3D11\LostCore-D3D11.vcxproj", "{9298BAEE-8754-4884-B2E6-3E79AB1F2CD4}"
EndProject
Project("{8BC9CEB8-8B4A-11D0-8D11-00A0C91BC942}") = "RealityWindow", "RealityWindow\RealityWindow.vcxproj", "{0461DAB6-574D-4D42-8C56-5CA4A1A69DCB}"
EndProject
Project("{8BC9CEB8-8B4A-11D0-8D11-00A0C91BC942}") = "LostCore", "LostCore\LostCore.vcxproj", "{1705208B-D15B-4AD5-B1CA-F97C4B41DF74}"
EndProject
Project("{8BC9CEB8-8B4A-11D0-8D11-00A0C91BC942}") = "ttt", "ttt\ttt.vcxproj", "{AFBB6E76-C015-462E-ACBF-DCB13AE48B8C}"
EndProject
Project("{8BC9CEB8-8B4A-11D0-8D11-00A0C91BC942}") = "FbxConverter", "FbxConverter\FbxConverter.vcxproj", "{B268212A-73CD-4D48-8121-3E5276DDAE62}"
EndProject
Project("{8BC9CEB8-8B4A-11D0-8D11-00A0C91BC942}") = "SignatureTarget", "SignatureTarget\SignatureTarget.vcxproj", "{1825A410-0179-4F14-9033-7D40AED4D9D2}"
EndProject
Global
	GlobalSection(SolutionConfigurationPlatforms) = preSolution
		Debug|x64 = Debug|x64
		Debug|x86 = Debug|x86
		Release|x64 = Release|x64
		Release|x86 = Release|x86
	EndGlobalSection
	GlobalSection(ProjectConfigurationPlatforms) = postSolution
		{5D21351B-8837-467E-8A26-57DE42E41BF7}.Debug|x64.ActiveCfg = Debug|x64
		{5D21351B-8837-467E-8A26-57DE42E41BF7}.Debug|x64.Build.0 = Debug|x64
		{5D21351B-8837-467E-8A26-57DE42E41BF7}.Debug|x86.ActiveCfg = Debug|Win32
		{5D21351B-8837-467E-8A26-57DE42E41BF7}.Debug|x86.Build.0 = Debug|Win32
		{5D21351B-8837-467E-8A26-57DE42E41BF7}.Release|x64.ActiveCfg = Release|x64
		{5D21351B-8837-467E-8A26-57DE42E41BF7}.Release|x64.Build.0 = Release|x64
		{5D21351B-8837-467E-8A26-57DE42E41BF7}.Release|x86.ActiveCfg = Release|Win32
		{5D21351B-8837-467E-8A26-57DE42E41BF7}.Release|x86.Build.0 = Release|Win32
		{85EAFF79-6C82-424E-AC11-5363094D22AA}.Debug|x64.ActiveCfg = Debug|x64
		{85EAFF79-6C82-424E-AC11-5363094D22AA}.Debug|x64.Build.0 = Debug|x64
		{85EAFF79-6C82-424E-AC11-5363094D22AA}.Debug|x86.ActiveCfg = Debug|Win32
		{85EAFF79-6C82-424E-AC11-5363094D22AA}.Debug|x86.Build.0 = Debug|Win32
		{85EAFF79-6C82-424E-AC11-5363094D22AA}.Release|x64.ActiveCfg = Release|x64
		{85EAFF79-6C82-424E-AC11-5363094D22AA}.Release|x64.Build.0 = Release|x64
		{85EAFF79-6C82-424E-AC11-5363094D22AA}.Release|x86.ActiveCfg = Release|Win32
		{85EAFF79-6C82-424E-AC11-5363094D22AA}.Release|x86.Build.0 = Release|Win32
		{9298BAEE-8754-4884-B2E6-3E79AB1F2CD4}.Debug|x64.ActiveCfg = Debug|x64
		{9298BAEE-8754-4884-B2E6-3E79AB1F2CD4}.Debug|x64.Build.0 = Debug|x64
		{9298BAEE-8754-4884-B2E6-3E79AB1F2CD4}.Debug|x86.ActiveCfg = Debug|Win32
		{9298BAEE-8754-4884-B2E6-3E79AB1F2CD4}.Debug|x86.Build.0 = Debug|Win32
		{9298BAEE-8754-4884-B2E6-3E79AB1F2CD4}.Release|x64.ActiveCfg = Release|x64
		{9298BAEE-8754-4884-B2E6-3E79AB1F2CD4}.Release|x64.Build.0 = Release|x64
		{9298BAEE-8754-4884-B2E6-3E79AB1F2CD4}.Release|x86.ActiveCfg = Release|Win32
		{9298BAEE-8754-4884-B2E6-3E79AB1F2CD4}.Release|x86.Build.0 = Release|Win32
		{0461DAB6-574D-4D42-8C56-5CA4A1A69DCB}.Debug|x64.ActiveCfg = Debug|x64
		{0461DAB6-574D-4D42-8C56-5CA4A1A69DCB}.Debug|x64.Build.0 = Debug|x64
		{0461DAB6-574D-4D42-8C56-5CA4A1A69DCB}.Debug|x86.ActiveCfg = Debug|Win32
		{0461DAB6-574D-4D42-8C56-5CA4A1A69DCB}.Debug|x86.Build.0 = Debug|Win32
		{0461DAB6-574D-4D42-8C56-5CA4A1A69DCB}.Release|x64.ActiveCfg = Release|x64
		{0461DAB6-574D-4D42-8C56-5CA4A1A69DCB}.Release|x64.Build.0 = Release|x64
		{0461DAB6-574D-4D42-8C56-5CA4A1A69DCB}.Release|x86.ActiveCfg = Release|Win32
		{0461DAB6-574D-4D42-8C56-5CA4A1A69DCB}.Release|x86.Build.0 = Release|Win32
		{1705208B-D15B-4AD5-B1CA-F97C4B41DF74}.Debug|x64.ActiveCfg = Debug|x64
		{1705208B-D15B-4AD5-B1CA-F97C4B41DF74}.Debug|x64.Build.0 = Debug|x64
		{1705208B-D15B-4AD5-B1CA-F97C4B41DF74}.Debug|x86.ActiveCfg = Debug|Win32
		{1705208B-D15B-4AD5-B1CA-F97C4B41DF74}.Debug|x86.Build.0 = Debug|Win32
		{1705208B-D15B-4AD5-B1CA-F97C4B41DF74}.Release|x64.ActiveCfg = Release|x64
		{1705208B-D15B-4AD5-B1CA-F97C4B41DF74}.Release|x64.Build.0 = Release|x64
		{1705208B-D15B-4AD5-B1CA-F97C4B41DF74}.Release|x86.ActiveCfg = Release|Win32
		{1705208B-D15B-4AD5-B1CA-F97C4B41DF74}.Release|x86.Build.0 = Release|Win32
		{AFBB6E76-C015-462E-ACBF-DCB13AE48B8C}.Debug|x64.ActiveCfg = Debug|x64
		{AFBB6E76-C015-462E-ACBF-DCB13AE48B8C}.Debug|x64.Build.0 = Debug|x64
		{AFBB6E76-C015-462E-ACBF-DCB13AE48B8C}.Debug|x86.ActiveCfg = Debug|Win32
		{AFBB6E76-C015-462E-ACBF-DCB13AE48B8C}.Debug|x86.Build.0 = Debug|Win32
		{AFBB6E76-C015-462E-ACBF-DCB13AE48B8C}.Release|x64.ActiveCfg = Release|x64
		{AFBB6E76-C015-462E-ACBF-DCB13AE48B8C}.Release|x64.Build.0 = Release|x64
		{AFBB6E76-C015-462E-ACBF-DCB13AE48B8C}.Release|x86.ActiveCfg = Release|Win32
		{AFBB6E76-C015-462E-ACBF-DCB13AE48B8C}.Release|x86.Build.0 = Release|Win32
		{B268212A-73CD-4D48-8121-3E5276DDAE62}.Debug|x64.ActiveCfg = Debug|x64
		{B268212A-73CD-4D48-8121-3E5276DDAE62}.Debug|x64.Build.0 = Debug|x64
		{B268212A-73CD-4D48-8121-3E5276DDAE62}.Debug|x86.ActiveCfg = Debug|Win32
		{B268212A-73CD-4D48-8121-3E5276DDAE62}.Debug|x86.Build.0 = Debug|Win32
		{B268212A-73CD-4D48-8121-3E5276DDAE62}.Release|x64.ActiveCfg = Release|x64
		{B268212A-73CD-4D48-8121-3E5276DDAE62}.Release|x64.Build.0 = Release|x64
		{B268212A-73CD-4D48-8121-3E5276DDAE62}.Release|x86.ActiveCfg = Release|Win32
		{B268212A-73CD-4D48-8121-3E5276DDAE62}.Release|x86.Build.0 = Release|Win32
		{1825A410-0179-4F14-9033-7D40AED4D9D2}.Debug|x64.ActiveCfg = Debug|x64
		{1825A410-0179-4F14-9033-7D40AED4D9D2}.Debug|x64.Build.0 = Debug|x64
		{1825A410-0179-4F14-9033-7D40AED4D9D2}.Debug|x86.ActiveCfg = Debug|Win32
		{1825A410-0179-4F14-9033-7D40AED4D9D2}.Debug|x86.Build.0 = Debug|Win32
		{1825A410-0179-4F14-9033-7D40AED4D9D2}.Release|x64.ActiveCfg = Release|x64
		{1825A410-0179-4F14-9033-7D40AED4D9D2}.Release|x64.Build.0 = Release|x64
		{1825A410-0179-4F14-9033-7D40AED4D9D2}.Release|x86.ActiveCfg = Release|Win32
		{1825A410-0179-4F14-9033-7D40AED4D9D2}.Release|x86.Build.0 = Release|Win32
	EndGlobalSection
	GlobalSection(SolutionProperties) = preSolution
		HideSolutionNode = FALSE
	EndGlobalSection
EndGlobal
