<?xml version="1.0" encoding="utf-8"?>
<Project ToolsVersion="4.0" xmlns="http://schemas.microsoft.com/developer/msbuild/2003">
  <ItemGroup>
    <Filter Include="disasm-lib">
      <UniqueIdentifier>{670802f2-3f63-4daf-a38e-1498b2e751eb}</UniqueIdentifier>
    </Filter>
    <Filter Include="mhook-lib">
      <UniqueIdentifier>{1af22986-52f4-476e-a5b2-3c8041d66705}</UniqueIdentifier>
    </Filter>
    <Filter Include="libovr-lib">
      <UniqueIdentifier>{fc5bacb1-a831-4e71-8f68-fee40a09ec42}</UniqueIdentifier>
    </Filter>
    <Filter Include="libovr-lib\Src">
      <UniqueIdentifier>{97685afb-5669-4e45-a4e1-34234397e752}</UniqueIdentifier>
    </Filter>
    <Filter Include="renderers">
      <UniqueIdentifier>{57007b16-6c4f-4c30-bcdd-8f9dd35af11e}</UniqueIdentifier>
    </Filter>
    <Filter Include="input">
      <UniqueIdentifier>{252477db-ed81-41c5-9e28-176ec020b92c}</UniqueIdentifier>
    </Filter>
  </ItemGroup>
  <ItemGroup>
    <Text Include="ReadMe.txt" />
  </ItemGroup>
  <ItemGroup>
    <ClInclude Include="disasm-lib\cpu.h">
      <Filter>disasm-lib</Filter>
    </ClInclude>
    <ClInclude Include="disasm-lib\disasm.h">
      <Filter>disasm-lib</Filter>
    </ClInclude>
    <ClInclude Include="disasm-lib\disasm_x86.h">
      <Filter>disasm-lib</Filter>
    </ClInclude>
    <ClInclude Include="disasm-lib\disasm_x86_tables.h">
      <Filter>disasm-lib</Filter>
    </ClInclude>
    <ClInclude Include="disasm-lib\misc.h">
      <Filter>disasm-lib</Filter>
    </ClInclude>
    <ClInclude Include="mhook-lib\mhook.h">
      <Filter>mhook-lib</Filter>
    </ClInclude>
    <ClInclude Include="targetver.h" />
    <ClInclude Include="HookCorePCH.h" />
    <ClInclude Include="libovr-lib\Src\OVR_CAPI_Prototypes.h">
      <Filter>libovr-lib\Src</Filter>
    </ClInclude>
    <ClInclude Include="renderers\Direct3D11Renderer.h">
      <Filter>renderers</Filter>
    </ClInclude>
    <ClInclude Include="renderers\IRenderer.h">
      <Filter>renderers</Filter>
    </ClInclude>
    <ClInclude Include="renderers\OculusVR.h">
      <Filter>renderers</Filter>
    </ClInclude>
    <ClInclude Include="renderers\RouteAPIs.h">
      <Filter>renderers</Filter>
    </ClInclude>
    <ClInclude Include="renderers\OpenVR.h">
      <Filter>renderers</Filter>
    </ClInclude>
    <ClInclude Include="renderers\Projector.h">
      <Filter>renderers</Filter>
    </ClInclude>
    <ClInclude Include="renderers\ConcreteProjectors.h">
      <Filter>renderers</Filter>
    </ClInclude>
    <ClInclude Include="input\InputDevice.h">
      <Filter>input</Filter>
    </ClInclude>
  </ItemGroup>
  <ItemGroup>
    <ClCompile Include="disasm-lib\cpu.c">
      <Filter>disasm-lib</Filter>
    </ClCompile>
    <ClCompile Include="disasm-lib\disasm.c">
      <Filter>disasm-lib</Filter>
    </ClCompile>
    <ClCompile Include="disasm-lib\disasm_x86.c">
      <Filter>disasm-lib</Filter>
    </ClCompile>
    <ClCompile Include="disasm-lib\misc.c">
      <Filter>disasm-lib</Filter>
    </ClCompile>
    <ClCompile Include="mhook-lib\mhook.cpp">
      <Filter>mhook-lib</Filter>
    </ClCompile>
    <ClCompile Include="dllmain.cpp" />
    <ClCompile Include="HookCore.cpp" />
    <ClCompile Include="HookCorePCH.cpp" />
    <ClCompile Include="libovr-lib\Src\OVR_CAPI_Util.cpp">
      <Filter>libovr-lib\Src</Filter>
    </ClCompile>
    <ClCompile Include="libovr-lib\Src\OVR_CAPIShim.c">
      <Filter>libovr-lib\Src</Filter>
    </ClCompile>
    <ClCompile Include="libovr-lib\Src\OVR_StereoProjection.cpp">
      <Filter>libovr-lib\Src</Filter>
    </ClCompile>
    <ClCompile Include="renderers\Direct3D11Renderer.cpp">
      <Filter>renderers</Filter>
    </ClCompile>
    <ClCompile Include="renderers\IRenderer.cpp">
      <Filter>renderers</Filter>
    </ClCompile>
    <ClCompile Include="renderers\OculusVR.cpp">
      <Filter>renderers</Filter>
    </ClCompile>
    <ClCompile Include="renderers\RouteAPIs.cpp">
      <Filter>renderers</Filter>
    </ClCompile>
    <ClCompile Include="renderers\Direct3DRouters.cpp">
      <Filter>renderers</Filter>
    </ClCompile>
    <ClCompile Include="renderers\OpenVR.cpp">
      <Filter>renderers</Filter>
    </ClCompile>
    <ClCompile Include="renderers\Projector.cpp">
      <Filter>renderers</Filter>
    </ClCompile>
    <ClCompile Include="renderers\ConcreteProjectors.cpp">
      <Filter>renderers</Filter>
    </ClCompile>
    <ClCompile Include="input\InputDevice.cpp">
      <Filter>input</Filter>
    </ClCompile>
  </ItemGroup>
</Project>