
Microsoft Visual Studio Solution File, Format Version 12.00
# Visual Studio 15
VisualStudioVersion = 15.0.26403.7
MinimumVisualStudioVersion = 10.0.40219.1
Project("{8BC9CEB8-8B4A-11D0-8D11-00A0C91BC942}") = "Oculus", "Oculus\Oculus.vcxproj", "{0B1F72F2-8448-477B-B449-A63F27F70D43}"
EndProject
Project("{8BC9CEB8-8B4A-11D0-8D11-00A0C91BC942}") = "HookExperiment", "HookExperiment\HookExperiment.vcxproj", "{16FB2D3B-AEE8-476D-8BAA-05CCC1373D9F}"
EndProject
Project("{8BC9CEB8-8B4A-11D0-8D11-00A0C91BC942}") = "HookCore", "HookCore\HookCore.vcxproj", "{9D64BA44-E2E0-4457-8415-3F9BBE8357DF}"
EndProject
Project("{8BC9CEB8-8B4A-11D0-8D11-00A0C91BC942}") = "HookCore2", "HookCore2\HookCore2.vcxproj", "{E35DD5FA-EFFD-4D9B-8402-0C3540D3A414}"
EndProject
Project("{8BC9CEB8-8B4A-11D0-8D11-00A0C91BC942}") = "HookApp", "HookApp\HookApp.vcxproj", "{94A8A954-806D-41D1-9674-7B8B11F4D746}"
EndProject
Project("{8BC9CEB8-8B4A-11D0-8D11-00A0C91BC942}") = "HookCore3", "HookCore3\HookCore3.vcxproj", "{19AC73B9-1F1F-412F-9EBB-21CE27503D9B}"
EndProject
Project("{8BC9CEB8-8B4A-11D0-8D11-00A0C91BC942}") = "DirectXTK_Desktop_2015", "DirectXTK\DirectXTK_Desktop_2015.vcxproj", "{E0B52AE7-E160-4D32-BF3F-910B785E5A8E}"
EndProject
Project("{8BC9CEB8-8B4A-11D0-8D11-00A0C91BC942}") = "HookLoader", "HookLoader\HookLoader.vcxproj", "{894E4CCC-7810-4403-8C17-EBFB762F358A}"
EndProject
Project("{8BC9CEB8-8B4A-11D0-8D11-00A0C91BC942}") = "RavTest", "RavTest\RavTest.vcxproj", "{994626BE-93EF-4AE2-B7E3-CA061B33428F}"
EndProject
Project("{8BC9CEB8-8B4A-11D0-8D11-00A0C91BC942}") = "winhook", "winhook\winhook.vcxproj", "{F3D4DF0E-1CAF-4DA2-A2A1-FD0F894E13DD}"
EndProject
Project("{8BC9CEB8-8B4A-11D0-8D11-00A0C91BC942}") = "winhookdll", "winhookdll\winhookdll.vcxproj", "{885E5593-1AF7-4790-AF17-FFCAED02B70E}"
EndProject
Project("{8BC9CEB8-8B4A-11D0-8D11-00A0C91BC942}") = "directinput", "directinput\directinput.vcxproj", "{F6039C9A-390C-4259-9479-4865B3FACD38}"
EndProject
Project("{8BC9CEB8-8B4A-11D0-8D11-00A0C91BC942}") = "MediaPlayerWindow", "MediaPlayerWindow\MediaPlayerWindow.vcxproj", "{D453EA4C-852D-48BB-B30C-082BD9CFCF2D}"
EndProject
Global
	GlobalSection(SolutionConfigurationPlatforms) = preSolution
		Debug|ARM = Debug|ARM
		Debug|x64 = Debug|x64
		Debug|x86 = Debug|x86
		Release|ARM = Release|ARM
		Release|x64 = Release|x64
		Release|x86 = Release|x86
	EndGlobalSection
	GlobalSection(ProjectConfigurationPlatforms) = postSolution
		{0B1F72F2-8448-477B-B449-A63F27F70D43}.Debug|ARM.ActiveCfg = Debug|Win32
		{0B1F72F2-8448-477B-B449-A63F27F70D43}.Debug|x64.ActiveCfg = Debug|x64
		{0B1F72F2-8448-477B-B449-A63F27F70D43}.Debug|x64.Build.0 = Debug|x64
		{0B1F72F2-8448-477B-B449-A63F27F70D43}.Debug|x86.ActiveCfg = Debug|Win32
		{0B1F72F2-8448-477B-B449-A63F27F70D43}.Debug|x86.Build.0 = Debug|Win32
		{0B1F72F2-8448-477B-B449-A63F27F70D43}.Release|ARM.ActiveCfg = Release|Win32
		{0B1F72F2-8448-477B-B449-A63F27F70D43}.Release|x64.ActiveCfg = Release|x64
		{0B1F72F2-8448-477B-B449-A63F27F70D43}.Release|x64.Build.0 = Release|x64
		{0B1F72F2-8448-477B-B449-A63F27F70D43}.Release|x86.ActiveCfg = Release|Win32
		{0B1F72F2-8448-477B-B449-A63F27F70D43}.Release|x86.Build.0 = Release|Win32
		{16FB2D3B-AEE8-476D-8BAA-05CCC1373D9F}.Debug|ARM.ActiveCfg = Debug|Win32
		{16FB2D3B-AEE8-476D-8BAA-05CCC1373D9F}.Debug|x64.ActiveCfg = Debug|x64
		{16FB2D3B-AEE8-476D-8BAA-05CCC1373D9F}.Debug|x64.Build.0 = Debug|x64
		{16FB2D3B-AEE8-476D-8BAA-05CCC1373D9F}.Debug|x86.ActiveCfg = Debug|Win32
		{16FB2D3B-AEE8-476D-8BAA-05CCC1373D9F}.Debug|x86.Build.0 = Debug|Win32
		{16FB2D3B-AEE8-476D-8BAA-05CCC1373D9F}.Release|ARM.ActiveCfg = Release|Win32
		{16FB2D3B-AEE8-476D-8BAA-05CCC1373D9F}.Release|x64.ActiveCfg = Release|x64
		{16FB2D3B-AEE8-476D-8BAA-05CCC1373D9F}.Release|x64.Build.0 = Release|x64
		{16FB2D3B-AEE8-476D-8BAA-05CCC1373D9F}.Release|x86.ActiveCfg = Release|Win32
		{16FB2D3B-AEE8-476D-8BAA-05CCC1373D9F}.Release|x86.Build.0 = Release|Win32
		{9D64BA44-E2E0-4457-8415-3F9BBE8357DF}.Debug|ARM.ActiveCfg = Debug|Win32
		{9D64BA44-E2E0-4457-8415-3F9BBE8357DF}.Debug|x64.ActiveCfg = Debug|x64
		{9D64BA44-E2E0-4457-8415-3F9BBE8357DF}.Debug|x64.Build.0 = Debug|x64
		{9D64BA44-E2E0-4457-8415-3F9BBE8357DF}.Debug|x86.ActiveCfg = Debug|Win32
		{9D64BA44-E2E0-4457-8415-3F9BBE8357DF}.Debug|x86.Build.0 = Debug|Win32
		{9D64BA44-E2E0-4457-8415-3F9BBE8357DF}.Release|ARM.ActiveCfg = Release|Win32
		{9D64BA44-E2E0-4457-8415-3F9BBE8357DF}.Release|x64.ActiveCfg = Release|x64
		{9D64BA44-E2E0-4457-8415-3F9BBE8357DF}.Release|x64.Build.0 = Release|x64
		{9D64BA44-E2E0-4457-8415-3F9BBE8357DF}.Release|x86.ActiveCfg = Release|Win32
		{9D64BA44-E2E0-4457-8415-3F9BBE8357DF}.Release|x86.Build.0 = Release|Win32
		{E35DD5FA-EFFD-4D9B-8402-0C3540D3A414}.Debug|ARM.ActiveCfg = Debug|Win32
		{E35DD5FA-EFFD-4D9B-8402-0C3540D3A414}.Debug|x64.ActiveCfg = Debug|x64
		{E35DD5FA-EFFD-4D9B-8402-0C3540D3A414}.Debug|x64.Build.0 = Debug|x64
		{E35DD5FA-EFFD-4D9B-8402-0C3540D3A414}.Debug|x86.ActiveCfg = Debug|Win32
		{E35DD5FA-EFFD-4D9B-8402-0C3540D3A414}.Debug|x86.Build.0 = Debug|Win32
		{E35DD5FA-EFFD-4D9B-8402-0C3540D3A414}.Release|ARM.ActiveCfg = Release|Win32
		{E35DD5FA-EFFD-4D9B-8402-0C3540D3A414}.Release|x64.ActiveCfg = Release|x64
		{E35DD5FA-EFFD-4D9B-8402-0C3540D3A414}.Release|x64.Build.0 = Release|x64
		{E35DD5FA-EFFD-4D9B-8402-0C3540D3A414}.Release|x86.ActiveCfg = Release|Win32
		{E35DD5FA-EFFD-4D9B-8402-0C3540D3A414}.Release|x86.Build.0 = Release|Win32
		{94A8A954-806D-41D1-9674-7B8B11F4D746}.Debug|ARM.ActiveCfg = Debug|Win32
		{94A8A954-806D-41D1-9674-7B8B11F4D746}.Debug|x64.ActiveCfg = Debug|x64
		{94A8A954-806D-41D1-9674-7B8B11F4D746}.Debug|x64.Build.0 = Debug|x64
		{94A8A954-806D-41D1-9674-7B8B11F4D746}.Debug|x86.ActiveCfg = Debug|Win32
		{94A8A954-806D-41D1-9674-7B8B11F4D746}.Debug|x86.Build.0 = Debug|Win32
		{94A8A954-806D-41D1-9674-7B8B11F4D746}.Release|ARM.ActiveCfg = Release|Win32
		{94A8A954-806D-41D1-9674-7B8B11F4D746}.Release|x64.ActiveCfg = Release|x64
		{94A8A954-806D-41D1-9674-7B8B11F4D746}.Release|x64.Build.0 = Release|x64
		{94A8A954-806D-41D1-9674-7B8B11F4D746}.Release|x86.ActiveCfg = Release|Win32
		{94A8A954-806D-41D1-9674-7B8B11F4D746}.Release|x86.Build.0 = Release|Win32
		{19AC73B9-1F1F-412F-9EBB-21CE27503D9B}.Debug|ARM.ActiveCfg = Debug|Win32
		{19AC73B9-1F1F-412F-9EBB-21CE27503D9B}.Debug|x64.ActiveCfg = Debug|x64
		{19AC73B9-1F1F-412F-9EBB-21CE27503D9B}.Debug|x64.Build.0 = Debug|x64
		{19AC73B9-1F1F-412F-9EBB-21CE27503D9B}.Debug|x86.ActiveCfg = Debug|Win32
		{19AC73B9-1F1F-412F-9EBB-21CE27503D9B}.Debug|x86.Build.0 = Debug|Win32
		{19AC73B9-1F1F-412F-9EBB-21CE27503D9B}.Release|ARM.ActiveCfg = Release|Win32
		{19AC73B9-1F1F-412F-9EBB-21CE27503D9B}.Release|x64.ActiveCfg = Release|x64
		{19AC73B9-1F1F-412F-9EBB-21CE27503D9B}.Release|x64.Build.0 = Release|x64
		{19AC73B9-1F1F-412F-9EBB-21CE27503D9B}.Release|x86.ActiveCfg = Release|Win32
		{19AC73B9-1F1F-412F-9EBB-21CE27503D9B}.Release|x86.Build.0 = Release|Win32
		{E0B52AE7-E160-4D32-BF3F-910B785E5A8E}.Debug|ARM.ActiveCfg = Debug|Win32
		{E0B52AE7-E160-4D32-BF3F-910B785E5A8E}.Debug|x64.ActiveCfg = Debug|x64
		{E0B52AE7-E160-4D32-BF3F-910B785E5A8E}.Debug|x64.Build.0 = Debug|x64
		{E0B52AE7-E160-4D32-BF3F-910B785E5A8E}.Debug|x86.ActiveCfg = Debug|Win32
		{E0B52AE7-E160-4D32-BF3F-910B785E5A8E}.Debug|x86.Build.0 = Debug|Win32
		{E0B52AE7-E160-4D32-BF3F-910B785E5A8E}.Release|ARM.ActiveCfg = Release|Win32
		{E0B52AE7-E160-4D32-BF3F-910B785E5A8E}.Release|x64.ActiveCfg = Release|x64
		{E0B52AE7-E160-4D32-BF3F-910B785E5A8E}.Release|x64.Build.0 = Release|x64
		{E0B52AE7-E160-4D32-BF3F-910B785E5A8E}.Release|x86.ActiveCfg = Release|Win32
		{E0B52AE7-E160-4D32-BF3F-910B785E5A8E}.Release|x86.Build.0 = Release|Win32
		{894E4CCC-7810-4403-8C17-EBFB762F358A}.Debug|ARM.ActiveCfg = Debug|Win32
		{894E4CCC-7810-4403-8C17-EBFB762F358A}.Debug|x64.ActiveCfg = Debug|x64
		{894E4CCC-7810-4403-8C17-EBFB762F358A}.Debug|x64.Build.0 = Debug|x64
		{894E4CCC-7810-4403-8C17-EBFB762F358A}.Debug|x86.ActiveCfg = Debug|Win32
		{894E4CCC-7810-4403-8C17-EBFB762F358A}.Debug|x86.Build.0 = Debug|Win32
		{894E4CCC-7810-4403-8C17-EBFB762F358A}.Release|ARM.ActiveCfg = Release|Win32
		{894E4CCC-7810-4403-8C17-EBFB762F358A}.Release|x64.ActiveCfg = Release|x64
		{894E4CCC-7810-4403-8C17-EBFB762F358A}.Release|x64.Build.0 = Release|x64
		{894E4CCC-7810-4403-8C17-EBFB762F358A}.Release|x86.ActiveCfg = Release|Win32
		{894E4CCC-7810-4403-8C17-EBFB762F358A}.Release|x86.Build.0 = Release|Win32
		{994626BE-93EF-4AE2-B7E3-CA061B33428F}.Debug|ARM.ActiveCfg = Debug|Win32
		{994626BE-93EF-4AE2-B7E3-CA061B33428F}.Debug|x64.ActiveCfg = Debug|x64
		{994626BE-93EF-4AE2-B7E3-CA061B33428F}.Debug|x64.Build.0 = Debug|x64
		{994626BE-93EF-4AE2-B7E3-CA061B33428F}.Debug|x86.ActiveCfg = Debug|Win32
		{994626BE-93EF-4AE2-B7E3-CA061B33428F}.Debug|x86.Build.0 = Debug|Win32
		{994626BE-93EF-4AE2-B7E3-CA061B33428F}.Release|ARM.ActiveCfg = Release|Win32
		{994626BE-93EF-4AE2-B7E3-CA061B33428F}.Release|x64.ActiveCfg = Release|x64
		{994626BE-93EF-4AE2-B7E3-CA061B33428F}.Release|x64.Build.0 = Release|x64
		{994626BE-93EF-4AE2-B7E3-CA061B33428F}.Release|x86.ActiveCfg = Release|Win32
		{994626BE-93EF-4AE2-B7E3-CA061B33428F}.Release|x86.Build.0 = Release|Win32
		{F3D4DF0E-1CAF-4DA2-A2A1-FD0F894E13DD}.Debug|ARM.ActiveCfg = Debug|Win32
		{F3D4DF0E-1CAF-4DA2-A2A1-FD0F894E13DD}.Debug|x64.ActiveCfg = Debug|x64
		{F3D4DF0E-1CAF-4DA2-A2A1-FD0F894E13DD}.Debug|x64.Build.0 = Debug|x64
		{F3D4DF0E-1CAF-4DA2-A2A1-FD0F894E13DD}.Debug|x86.ActiveCfg = Debug|Win32
		{F3D4DF0E-1CAF-4DA2-A2A1-FD0F894E13DD}.Debug|x86.Build.0 = Debug|Win32
		{F3D4DF0E-1CAF-4DA2-A2A1-FD0F894E13DD}.Release|ARM.ActiveCfg = Release|Win32
		{F3D4DF0E-1CAF-4DA2-A2A1-FD0F894E13DD}.Release|x64.ActiveCfg = Release|x64
		{F3D4DF0E-1CAF-4DA2-A2A1-FD0F894E13DD}.Release|x64.Build.0 = Release|x64
		{F3D4DF0E-1CAF-4DA2-A2A1-FD0F894E13DD}.Release|x86.ActiveCfg = Release|Win32
		{F3D4DF0E-1CAF-4DA2-A2A1-FD0F894E13DD}.Release|x86.Build.0 = Release|Win32
		{885E5593-1AF7-4790-AF17-FFCAED02B70E}.Debug|ARM.ActiveCfg = Debug|Win32
		{885E5593-1AF7-4790-AF17-FFCAED02B70E}.Debug|x64.ActiveCfg = Debug|x64
		{885E5593-1AF7-4790-AF17-FFCAED02B70E}.Debug|x64.Build.0 = Debug|x64
		{885E5593-1AF7-4790-AF17-FFCAED02B70E}.Debug|x86.ActiveCfg = Debug|Win32
		{885E5593-1AF7-4790-AF17-FFCAED02B70E}.Debug|x86.Build.0 = Debug|Win32
		{885E5593-1AF7-4790-AF17-FFCAED02B70E}.Release|ARM.ActiveCfg = Release|Win32
		{885E5593-1AF7-4790-AF17-FFCAED02B70E}.Release|x64.ActiveCfg = Release|x64
		{885E5593-1AF7-4790-AF17-FFCAED02B70E}.Release|x64.Build.0 = Release|x64
		{885E5593-1AF7-4790-AF17-FFCAED02B70E}.Release|x86.ActiveCfg = Release|Win32
		{885E5593-1AF7-4790-AF17-FFCAED02B70E}.Release|x86.Build.0 = Release|Win32
		{F6039C9A-390C-4259-9479-4865B3FACD38}.Debug|ARM.ActiveCfg = Debug|Win32
		{F6039C9A-390C-4259-9479-4865B3FACD38}.Debug|x64.ActiveCfg = Debug|x64
		{F6039C9A-390C-4259-9479-4865B3FACD38}.Debug|x64.Build.0 = Debug|x64
		{F6039C9A-390C-4259-9479-4865B3FACD38}.Debug|x86.ActiveCfg = Debug|Win32
		{F6039C9A-390C-4259-9479-4865B3FACD38}.Debug|x86.Build.0 = Debug|Win32
		{F6039C9A-390C-4259-9479-4865B3FACD38}.Release|ARM.ActiveCfg = Release|Win32
		{F6039C9A-390C-4259-9479-4865B3FACD38}.Release|x64.ActiveCfg = Release|x64
		{F6039C9A-390C-4259-9479-4865B3FACD38}.Release|x64.Build.0 = Release|x64
		{F6039C9A-390C-4259-9479-4865B3FACD38}.Release|x86.ActiveCfg = Release|Win32
		{F6039C9A-390C-4259-9479-4865B3FACD38}.Release|x86.Build.0 = Release|Win32
		{D453EA4C-852D-48BB-B30C-082BD9CFCF2D}.Debug|ARM.ActiveCfg = Debug|Win32
		{D453EA4C-852D-48BB-B30C-082BD9CFCF2D}.Debug|x64.ActiveCfg = Debug|x64
		{D453EA4C-852D-48BB-B30C-082BD9CFCF2D}.Debug|x64.Build.0 = Debug|x64
		{D453EA4C-852D-48BB-B30C-082BD9CFCF2D}.Debug|x86.ActiveCfg = Debug|Win32
		{D453EA4C-852D-48BB-B30C-082BD9CFCF2D}.Debug|x86.Build.0 = Debug|Win32
		{D453EA4C-852D-48BB-B30C-082BD9CFCF2D}.Release|ARM.ActiveCfg = Release|Win32
		{D453EA4C-852D-48BB-B30C-082BD9CFCF2D}.Release|x64.ActiveCfg = Release|x64
		{D453EA4C-852D-48BB-B30C-082BD9CFCF2D}.Release|x64.Build.0 = Release|x64
		{D453EA4C-852D-48BB-B30C-082BD9CFCF2D}.Release|x86.ActiveCfg = Release|Win32
		{D453EA4C-852D-48BB-B30C-082BD9CFCF2D}.Release|x86.Build.0 = Release|Win32
	EndGlobalSection
	GlobalSection(SolutionProperties) = preSolution
		HideSolutionNode = FALSE
	EndGlobalSection
EndGlobal
