
Microsoft Visual Studio Solution File, Format Version 12.00
# Visual Studio 14
VisualStudioVersion = 14.0.25420.1
MinimumVisualStudioVersion = 10.0.40219.1
Project("{8BC9CEB8-8B4A-11D0-8D11-00A0C91BC942}") = "VRMediaPlayer", "VRMediaPlayer\VRMediaPlayer.vcxproj", "{EB9DB5D0-15AC-4AD2-976B-D54CBC6413AA}"
EndProject
Project("{8BC9CEB8-8B4A-11D0-8D11-00A0C91BC942}") = "Oculus", "Oculus\Oculus.vcxproj", "{0B1F72F2-8448-477B-B449-A63F27F70D43}"
EndProject
Project("{8BC9CEB8-8B4A-11D0-8D11-00A0C91BC942}") = "HookExperiment", "HookExperiment\HookExperiment.vcxproj", "{16FB2D3B-AEE8-476D-8BAA-05CCC1373D9F}"
EndProject
Project("{8BC9CEB8-8B4A-11D0-8D11-00A0C91BC942}") = "HookCore", "HookCore\HookCore.vcxproj", "{9D64BA44-E2E0-4457-8415-3F9BBE8357DF}"
EndProject
Project("{8BC9CEB8-8B4A-11D0-8D11-00A0C91BC942}") = "HookCore2", "HookCore2\HookCore2.vcxproj", "{E35DD5FA-EFFD-4D9B-8402-0C3540D3A414}"
EndProject
Project("{8BC9CEB8-8B4A-11D0-8D11-00A0C91BC942}") = "HookApp", "HookApp\HookApp.vcxproj", "{94A8A954-806D-41D1-9674-7B8B11F4D746}"
EndProject
Project("{8BC9CEB8-8B4A-11D0-8D11-00A0C91BC942}") = "HookExperiment2", "HookExperiment2\HookExperiment2.vcxproj", "{5C1C2208-F2CE-4472-91A3-988EAAEBD234}"
EndProject
Project("{8BC9CEB8-8B4A-11D0-8D11-00A0C91BC942}") = "HookCore3", "HookCore3\HookCore3.vcxproj", "{19AC73B9-1F1F-412F-9EBB-21CE27503D9B}"
EndProject
Project("{8BC9CEB8-8B4A-11D0-8D11-00A0C91BC942}") = "SimpleSteamVR", "SimpleSteamVR\SimpleSteamVR.vcxproj", "{965F476C-83F9-4626-84B5-B55EC80AC9CA}"
EndProject
Project("{8BC9CEB8-8B4A-11D0-8D11-00A0C91BC942}") = "DirectXTK_Desktop_2015", "DirectXTK\DirectXTK_Desktop_2015.vcxproj", "{E0B52AE7-E160-4D32-BF3F-910B785E5A8E}"
EndProject
Global
	GlobalSection(SolutionConfigurationPlatforms) = preSolution
		Debug|x64 = Debug|x64
		Debug|x86 = Debug|x86
		Release|x64 = Release|x64
		Release|x86 = Release|x86
	EndGlobalSection
	GlobalSection(ProjectConfigurationPlatforms) = postSolution
		{EB9DB5D0-15AC-4AD2-976B-D54CBC6413AA}.Debug|x64.ActiveCfg = Debug|x64
		{EB9DB5D0-15AC-4AD2-976B-D54CBC6413AA}.Debug|x64.Build.0 = Debug|x64
		{EB9DB5D0-15AC-4AD2-976B-D54CBC6413AA}.Debug|x86.ActiveCfg = Debug|Win32
		{EB9DB5D0-15AC-4AD2-976B-D54CBC6413AA}.Debug|x86.Build.0 = Debug|Win32
		{EB9DB5D0-15AC-4AD2-976B-D54CBC6413AA}.Release|x64.ActiveCfg = Release|x64
		{EB9DB5D0-15AC-4AD2-976B-D54CBC6413AA}.Release|x64.Build.0 = Release|x64
		{EB9DB5D0-15AC-4AD2-976B-D54CBC6413AA}.Release|x86.ActiveCfg = Release|Win32
		{EB9DB5D0-15AC-4AD2-976B-D54CBC6413AA}.Release|x86.Build.0 = Release|Win32
		{0B1F72F2-8448-477B-B449-A63F27F70D43}.Debug|x64.ActiveCfg = Debug|x64
		{0B1F72F2-8448-477B-B449-A63F27F70D43}.Debug|x64.Build.0 = Debug|x64
		{0B1F72F2-8448-477B-B449-A63F27F70D43}.Debug|x86.ActiveCfg = Debug|Win32
		{0B1F72F2-8448-477B-B449-A63F27F70D43}.Debug|x86.Build.0 = Debug|Win32
		{0B1F72F2-8448-477B-B449-A63F27F70D43}.Release|x64.ActiveCfg = Release|x64
		{0B1F72F2-8448-477B-B449-A63F27F70D43}.Release|x64.Build.0 = Release|x64
		{0B1F72F2-8448-477B-B449-A63F27F70D43}.Release|x86.ActiveCfg = Release|Win32
		{0B1F72F2-8448-477B-B449-A63F27F70D43}.Release|x86.Build.0 = Release|Win32
		{16FB2D3B-AEE8-476D-8BAA-05CCC1373D9F}.Debug|x64.ActiveCfg = Debug|x64
		{16FB2D3B-AEE8-476D-8BAA-05CCC1373D9F}.Debug|x64.Build.0 = Debug|x64
		{16FB2D3B-AEE8-476D-8BAA-05CCC1373D9F}.Debug|x86.ActiveCfg = Debug|Win32
		{16FB2D3B-AEE8-476D-8BAA-05CCC1373D9F}.Debug|x86.Build.0 = Debug|Win32
		{16FB2D3B-AEE8-476D-8BAA-05CCC1373D9F}.Release|x64.ActiveCfg = Release|x64
		{16FB2D3B-AEE8-476D-8BAA-05CCC1373D9F}.Release|x64.Build.0 = Release|x64
		{16FB2D3B-AEE8-476D-8BAA-05CCC1373D9F}.Release|x86.ActiveCfg = Release|Win32
		{16FB2D3B-AEE8-476D-8BAA-05CCC1373D9F}.Release|x86.Build.0 = Release|Win32
		{9D64BA44-E2E0-4457-8415-3F9BBE8357DF}.Debug|x64.ActiveCfg = Debug|x64
		{9D64BA44-E2E0-4457-8415-3F9BBE8357DF}.Debug|x64.Build.0 = Debug|x64
		{9D64BA44-E2E0-4457-8415-3F9BBE8357DF}.Debug|x86.ActiveCfg = Debug|Win32
		{9D64BA44-E2E0-4457-8415-3F9BBE8357DF}.Debug|x86.Build.0 = Debug|Win32
		{9D64BA44-E2E0-4457-8415-3F9BBE8357DF}.Release|x64.ActiveCfg = Release|x64
		{9D64BA44-E2E0-4457-8415-3F9BBE8357DF}.Release|x64.Build.0 = Release|x64
		{9D64BA44-E2E0-4457-8415-3F9BBE8357DF}.Release|x86.ActiveCfg = Release|Win32
		{9D64BA44-E2E0-4457-8415-3F9BBE8357DF}.Release|x86.Build.0 = Release|Win32
		{E35DD5FA-EFFD-4D9B-8402-0C3540D3A414}.Debug|x64.ActiveCfg = Debug|x64
		{E35DD5FA-EFFD-4D9B-8402-0C3540D3A414}.Debug|x64.Build.0 = Debug|x64
		{E35DD5FA-EFFD-4D9B-8402-0C3540D3A414}.Debug|x86.ActiveCfg = Debug|Win32
		{E35DD5FA-EFFD-4D9B-8402-0C3540D3A414}.Debug|x86.Build.0 = Debug|Win32
		{E35DD5FA-EFFD-4D9B-8402-0C3540D3A414}.Release|x64.ActiveCfg = Release|x64
		{E35DD5FA-EFFD-4D9B-8402-0C3540D3A414}.Release|x64.Build.0 = Release|x64
		{E35DD5FA-EFFD-4D9B-8402-0C3540D3A414}.Release|x86.ActiveCfg = Release|Win32
		{E35DD5FA-EFFD-4D9B-8402-0C3540D3A414}.Release|x86.Build.0 = Release|Win32
		{94A8A954-806D-41D1-9674-7B8B11F4D746}.Debug|x64.ActiveCfg = Debug|x64
		{94A8A954-806D-41D1-9674-7B8B11F4D746}.Debug|x64.Build.0 = Debug|x64
		{94A8A954-806D-41D1-9674-7B8B11F4D746}.Debug|x86.ActiveCfg = Debug|Win32
		{94A8A954-806D-41D1-9674-7B8B11F4D746}.Debug|x86.Build.0 = Debug|Win32
		{94A8A954-806D-41D1-9674-7B8B11F4D746}.Release|x64.ActiveCfg = Release|x64
		{94A8A954-806D-41D1-9674-7B8B11F4D746}.Release|x64.Build.0 = Release|x64
		{94A8A954-806D-41D1-9674-7B8B11F4D746}.Release|x86.ActiveCfg = Release|Win32
		{94A8A954-806D-41D1-9674-7B8B11F4D746}.Release|x86.Build.0 = Release|Win32
		{5C1C2208-F2CE-4472-91A3-988EAAEBD234}.Debug|x64.ActiveCfg = Debug|x64
		{5C1C2208-F2CE-4472-91A3-988EAAEBD234}.Debug|x64.Build.0 = Debug|x64
		{5C1C2208-F2CE-4472-91A3-988EAAEBD234}.Debug|x86.ActiveCfg = Debug|Win32
		{5C1C2208-F2CE-4472-91A3-988EAAEBD234}.Debug|x86.Build.0 = Debug|Win32
		{5C1C2208-F2CE-4472-91A3-988EAAEBD234}.Release|x64.ActiveCfg = Release|x64
		{5C1C2208-F2CE-4472-91A3-988EAAEBD234}.Release|x64.Build.0 = Release|x64
		{5C1C2208-F2CE-4472-91A3-988EAAEBD234}.Release|x86.ActiveCfg = Release|Win32
		{5C1C2208-F2CE-4472-91A3-988EAAEBD234}.Release|x86.Build.0 = Release|Win32
		{19AC73B9-1F1F-412F-9EBB-21CE27503D9B}.Debug|x64.ActiveCfg = Debug|x64
		{19AC73B9-1F1F-412F-9EBB-21CE27503D9B}.Debug|x64.Build.0 = Debug|x64
		{19AC73B9-1F1F-412F-9EBB-21CE27503D9B}.Debug|x86.ActiveCfg = Debug|Win32
		{19AC73B9-1F1F-412F-9EBB-21CE27503D9B}.Debug|x86.Build.0 = Debug|Win32
		{19AC73B9-1F1F-412F-9EBB-21CE27503D9B}.Release|x64.ActiveCfg = Release|x64
		{19AC73B9-1F1F-412F-9EBB-21CE27503D9B}.Release|x64.Build.0 = Release|x64
		{19AC73B9-1F1F-412F-9EBB-21CE27503D9B}.Release|x86.ActiveCfg = Release|Win32
		{19AC73B9-1F1F-412F-9EBB-21CE27503D9B}.Release|x86.Build.0 = Release|Win32
		{965F476C-83F9-4626-84B5-B55EC80AC9CA}.Debug|x64.ActiveCfg = Debug|x64
		{965F476C-83F9-4626-84B5-B55EC80AC9CA}.Debug|x64.Build.0 = Debug|x64
		{965F476C-83F9-4626-84B5-B55EC80AC9CA}.Debug|x86.ActiveCfg = Debug|Win32
		{965F476C-83F9-4626-84B5-B55EC80AC9CA}.Debug|x86.Build.0 = Debug|Win32
		{965F476C-83F9-4626-84B5-B55EC80AC9CA}.Release|x64.ActiveCfg = Release|x64
		{965F476C-83F9-4626-84B5-B55EC80AC9CA}.Release|x64.Build.0 = Release|x64
		{965F476C-83F9-4626-84B5-B55EC80AC9CA}.Release|x86.ActiveCfg = Release|Win32
		{965F476C-83F9-4626-84B5-B55EC80AC9CA}.Release|x86.Build.0 = Release|Win32
		{E0B52AE7-E160-4D32-BF3F-910B785E5A8E}.Debug|x64.ActiveCfg = Debug|x64
		{E0B52AE7-E160-4D32-BF3F-910B785E5A8E}.Debug|x64.Build.0 = Debug|x64
		{E0B52AE7-E160-4D32-BF3F-910B785E5A8E}.Debug|x86.ActiveCfg = Debug|Win32
		{E0B52AE7-E160-4D32-BF3F-910B785E5A8E}.Debug|x86.Build.0 = Debug|Win32
		{E0B52AE7-E160-4D32-BF3F-910B785E5A8E}.Release|x64.ActiveCfg = Release|x64
		{E0B52AE7-E160-4D32-BF3F-910B785E5A8E}.Release|x64.Build.0 = Release|x64
		{E0B52AE7-E160-4D32-BF3F-910B785E5A8E}.Release|x86.ActiveCfg = Release|Win32
		{E0B52AE7-E160-4D32-BF3F-910B785E5A8E}.Release|x86.Build.0 = Release|Win32
	EndGlobalSection
	GlobalSection(SolutionProperties) = preSolution
		HideSolutionNode = FALSE
	EndGlobalSection
EndGlobal
