<?xml version="1.0" encoding="utf-8"?>
<Project ToolsVersion="4.0" xmlns="http://schemas.microsoft.com/developer/msbuild/2003">
  <ItemGroup>
    <Filter Include="源文件">
      <UniqueIdentifier>{4FC737F1-C7A5-4376-A066-2A32D752A2FF}</UniqueIdentifier>
      <Extensions>cpp;c;cc;cxx;def;odl;idl;hpj;bat;asm;asmx</Extensions>
    </Filter>
    <Filter Include="头文件">
      <UniqueIdentifier>{93995380-89BD-4b04-88EB-625FBE52EBFB}</UniqueIdentifier>
      <Extensions>h;hh;hpp;hxx;hm;inl;inc;xsd</Extensions>
    </Filter>
    <Filter Include="资源文件">
      <UniqueIdentifier>{67DA6AB6-F800-4c08-8B7A-83BB121AAD01}</UniqueIdentifier>
      <Extensions>rc;ico;cur;bmp;dlg;rc2;rct;bin;rgs;gif;jpg;jpeg;jpe;resx;tiff;tif;png;wav;mfcribbon-ms</Extensions>
    </Filter>
    <Filter Include="mhook-lib">
      <UniqueIdentifier>{e6fee83a-5203-4abd-8afe-44f6418babbe}</UniqueIdentifier>
    </Filter>
    <Filter Include="disasm-lib">
      <UniqueIdentifier>{baae321d-aec1-4ee9-80df-e97e7b92cc7e}</UniqueIdentifier>
    </Filter>
    <Filter Include="wrapped-dxgi">
      <UniqueIdentifier>{ace2b187-efed-48ae-8697-a6c86fc90eb1}</UniqueIdentifier>
    </Filter>
    <Filter Include="wrapped-d3d11">
      <UniqueIdentifier>{9992f363-4293-4456-9ae2-10c4d2516aeb}</UniqueIdentifier>
    </Filter>
  </ItemGroup>
  <ItemGroup>
    <Text Include="ReadMe.txt" />
  </ItemGroup>
  <ItemGroup>
    <ClInclude Include="stdafx.h">
      <Filter>头文件</Filter>
    </ClInclude>
    <ClInclude Include="targetver.h">
      <Filter>头文件</Filter>
    </ClInclude>
    <ClInclude Include="disasm-lib\cpu.h">
      <Filter>disasm-lib</Filter>
    </ClInclude>
    <ClInclude Include="disasm-lib\disasm.h">
      <Filter>disasm-lib</Filter>
    </ClInclude>
    <ClInclude Include="disasm-lib\disasm_x86.h">
      <Filter>disasm-lib</Filter>
    </ClInclude>
    <ClInclude Include="disasm-lib\disasm_x86_tables.h">
      <Filter>disasm-lib</Filter>
    </ClInclude>
    <ClInclude Include="disasm-lib\misc.h">
      <Filter>disasm-lib</Filter>
    </ClInclude>
    <ClInclude Include="mhook-lib\mhook.h">
      <Filter>mhook-lib</Filter>
    </ClInclude>
    <ClInclude Include="wrapped-dxgi\dxgi_wrapped.h">
      <Filter>wrapped-dxgi</Filter>
    </ClInclude>
  </ItemGroup>
  <ItemGroup>
    <ClCompile Include="stdafx.cpp">
      <Filter>源文件</Filter>
    </ClCompile>
    <ClCompile Include="HookCore2.cpp">
      <Filter>源文件</Filter>
    </ClCompile>
    <ClCompile Include="dllmain.cpp">
      <Filter>源文件</Filter>
    </ClCompile>
    <ClCompile Include="disasm-lib\cpu.c">
      <Filter>disasm-lib</Filter>
    </ClCompile>
    <ClCompile Include="disasm-lib\disasm.c">
      <Filter>disasm-lib</Filter>
    </ClCompile>
    <ClCompile Include="disasm-lib\disasm_x86.c">
      <Filter>disasm-lib</Filter>
    </ClCompile>
    <ClCompile Include="disasm-lib\misc.c">
      <Filter>disasm-lib</Filter>
    </ClCompile>
    <ClCompile Include="mhook-lib\mhook.cpp">
      <Filter>mhook-lib</Filter>
    </ClCompile>
    <ClCompile Include="wrapped-d3d11\d3d11_context_wrap.cpp">
      <Filter>wrapped-d3d11</Filter>
    </ClCompile>
    <ClCompile Include="wrapped-d3d11\d3d11_context1_wrap.cpp">
      <Filter>wrapped-d3d11</Filter>
    </ClCompile>
    <ClCompile Include="wrapped-d3d11\d3d11_context2_wrap.cpp">
      <Filter>wrapped-d3d11</Filter>
    </ClCompile>
    <ClCompile Include="wrapped-d3d11\d3d11_context3_wrap.cpp">
      <Filter>wrapped-d3d11</Filter>
    </ClCompile>
    <ClCompile Include="wrapped-d3d11\d3d11_device_wrap.cpp">
      <Filter>wrapped-d3d11</Filter>
    </ClCompile>
    <ClCompile Include="wrapped-d3d11\d3d11_device1_wrap.cpp">
      <Filter>wrapped-d3d11</Filter>
    </ClCompile>
    <ClCompile Include="wrapped-d3d11\d3d11_device2_wrap.cpp">
      <Filter>wrapped-d3d11</Filter>
    </ClCompile>
    <ClCompile Include="wrapped-d3d11\d3d11_device3_wrap.cpp">
      <Filter>wrapped-d3d11</Filter>
    </ClCompile>
    <ClCompile Include="wrapped-dxgi\dxgi_wrapped.cpp">
      <Filter>wrapped-dxgi</Filter>
    </ClCompile>
  </ItemGroup>
</Project>