<?xml version="1.0" encoding="utf-8"?>
<Project ToolsVersion="4.0" xmlns="http://schemas.microsoft.com/developer/msbuild/2003">
  <ItemGroup>
    <Text Include="ReadMe.txt" />
  </ItemGroup>
  <ItemGroup>
    <ClInclude Include="targetver.h" />
    <ClInclude Include="stdafx.h" />
    <ClInclude Include="Inc\LostCore-D3D11.h">
      <Filter>Inc</Filter>
    </ClInclude>
    <ClInclude Include="Src\PrimitiveGroup.h">
      <Filter>Src</Filter>
    </ClInclude>
    <ClInclude Include="Src\BufferDef.h">
      <Filter>Src</Filter>
    </ClInclude>
    <ClInclude Include="Src\RenderContext.h">
      <Filter>Src</Filter>
    </ClInclude>
    <ClInclude Include="Src\RenderContextBase.h">
      <Filter>Src</Filter>
    </ClInclude>
    <ClInclude Include="Src\Material.h">
      <Filter>Src</Filter>
    </ClInclude>
    <ClInclude Include="Src\Texture.h">
      <Filter>Src</Filter>
    </ClInclude>
    <ClInclude Include="Src\BlendStateDef.h">
      <Filter>Src</Filter>
    </ClInclude>
    <ClInclude Include="Src\RasterizerStateDef.h">
      <Filter>Src</Filter>
    </ClInclude>
    <ClInclude Include="Src\DepthStencilStateDef.h">
      <Filter>Src</Filter>
    </ClInclude>
  </ItemGroup>
  <ItemGroup>
    <ClCompile Include="dllmain.cpp" />
    <ClCompile Include="stdafx.cpp" />
    <ClCompile Include="Src\LostCore-D3D11.cpp">
      <Filter>Src</Filter>
    </ClCompile>
    <ClCompile Include="Src\PrimitiveGroup.cpp">
      <Filter>Src</Filter>
    </ClCompile>
    <ClCompile Include="Src\RenderContext.cpp">
      <Filter>Src</Filter>
    </ClCompile>
    <ClCompile Include="Src\RenderContextBase.cpp">
      <Filter>Src</Filter>
    </ClCompile>
    <ClCompile Include="Src\Material.cpp">
      <Filter>Src</Filter>
    </ClCompile>
    <ClCompile Include="Src\Texture.cpp">
      <Filter>Src</Filter>
    </ClCompile>
    <ClCompile Include="Src\BufferDef.cpp">
      <Filter>Src</Filter>
    </ClCompile>
    <ClCompile Include="Src\BlendStateDef.cpp">
      <Filter>Src</Filter>
    </ClCompile>
    <ClCompile Include="Src\RasterizerStateDef.cpp">
      <Filter>Src</Filter>
    </ClCompile>
    <ClCompile Include="Src\DepthStencilStateDef.cpp">
      <Filter>Src</Filter>
    </ClCompile>
  </ItemGroup>
  <ItemGroup>
    <Filter Include="Inc">
      <UniqueIdentifier>{a812ae81-8b6a-410d-8f21-5bd1062fa38d}</UniqueIdentifier>
    </Filter>
    <Filter Include="Src">
      <UniqueIdentifier>{a9aaef79-6ebf-479a-84ed-67b7beb39951}</UniqueIdentifier>
    </Filter>
  </ItemGroup>
</Project>