<?xml version="1.0" encoding="utf-8"?>
<Project ToolsVersion="4.0" xmlns="http://schemas.microsoft.com/developer/msbuild/2003">
  <ItemGroup>
    <Text Include="ReadMe.txt" />
  </ItemGroup>
  <ItemGroup>
    <ClInclude Include="stdafx.h" />
    <ClInclude Include="Inc\LostCore-D3D11.h">
      <Filter>Inc</Filter>
    </ClInclude>
    <ClInclude Include="Buffers\VertexDef.h">
      <Filter>Buffers</Filter>
    </ClInclude>
    <ClInclude Include="Implements\Material.h">
      <Filter>Implements</Filter>
    </ClInclude>
    <ClInclude Include="Implements\PrimitiveGroup.h">
      <Filter>Implements</Filter>
    </ClInclude>
    <ClInclude Include="Implements\Texture.h">
      <Filter>Implements</Filter>
    </ClInclude>
    <ClInclude Include="States\BlendStateDef.h">
      <Filter>States</Filter>
    </ClInclude>
    <ClInclude Include="States\DepthStencilStateDef.h">
      <Filter>States</Filter>
    </ClInclude>
    <ClInclude Include="States\RasterizerStateDef.h">
      <Filter>States</Filter>
    </ClInclude>
    <ClInclude Include="States\SamplerStateDef.h">
      <Filter>States</Filter>
    </ClInclude>
    <ClInclude Include="Pipelines\DeferredPipeline.h">
      <Filter>Pipelines</Filter>
    </ClInclude>
    <ClInclude Include="Pipelines\ForwardPipeline.h">
      <Filter>Pipelines</Filter>
    </ClInclude>
    <ClInclude Include="Pipelines\PipelineInterface.h">
      <Filter>Pipelines</Filter>
    </ClInclude>
    <ClInclude Include="Src\RenderContextBase.h">
      <Filter>Src</Filter>
    </ClInclude>
    <ClInclude Include="Src\ShaderManager.h">
      <Filter>Src</Filter>
    </ClInclude>
    <ClInclude Include="Pipelines\RenderObject.h">
      <Filter>Pipelines</Filter>
    </ClInclude>
    <ClInclude Include="Implements\ConstantBuffer.h">
      <Filter>Implements</Filter>
    </ClInclude>
    <ClInclude Include="Implements\GdiFont.h">
      <Filter>Implements</Filter>
    </ClInclude>
    <ClInclude Include="Implements\RenderContext.h">
      <Filter>Implements</Filter>
    </ClInclude>
    <ClInclude Include="Implements\InstancingData.h">
      <Filter>Implements</Filter>
    </ClInclude>
  </ItemGroup>
  <ItemGroup>
    <ClCompile Include="dllmain.cpp" />
    <ClCompile Include="stdafx.cpp" />
    <ClCompile Include="Buffers\VertexDef.cpp">
      <Filter>Buffers</Filter>
    </ClCompile>
    <ClCompile Include="Implements\Material.cpp">
      <Filter>Implements</Filter>
    </ClCompile>
    <ClCompile Include="Implements\PrimitiveGroup.cpp">
      <Filter>Implements</Filter>
    </ClCompile>
    <ClCompile Include="Implements\Texture.cpp">
      <Filter>Implements</Filter>
    </ClCompile>
    <ClCompile Include="States\BlendStateDef.cpp">
      <Filter>States</Filter>
    </ClCompile>
    <ClCompile Include="States\DepthStencilStateDef.cpp">
      <Filter>States</Filter>
    </ClCompile>
    <ClCompile Include="States\RasterizerStateDef.cpp">
      <Filter>States</Filter>
    </ClCompile>
    <ClCompile Include="States\SamplerStateDef.cpp">
      <Filter>States</Filter>
    </ClCompile>
    <ClCompile Include="Pipelines\DeferredPipeline.cpp">
      <Filter>Pipelines</Filter>
    </ClCompile>
    <ClCompile Include="Pipelines\ForwardPipeline.cpp">
      <Filter>Pipelines</Filter>
    </ClCompile>
    <ClCompile Include="Src\LostCore-D3D11.cpp">
      <Filter>Src</Filter>
    </ClCompile>
    <ClCompile Include="Src\RenderContextBase.cpp">
      <Filter>Src</Filter>
    </ClCompile>
    <ClCompile Include="Src\ShaderManager.cpp">
      <Filter>Src</Filter>
    </ClCompile>
    <ClCompile Include="Pipelines\RenderObject.cpp">
      <Filter>Pipelines</Filter>
    </ClCompile>
    <ClCompile Include="Implements\ConstantBuffer.cpp">
      <Filter>Implements</Filter>
    </ClCompile>
    <ClCompile Include="Implements\GdiFont.cpp">
      <Filter>Implements</Filter>
    </ClCompile>
    <ClCompile Include="Implements\RenderContext.cpp">
      <Filter>Implements</Filter>
    </ClCompile>
    <ClCompile Include="Implements\InstancingData.cpp">
      <Filter>Implements</Filter>
    </ClCompile>
  </ItemGroup>
  <ItemGroup>
    <Filter Include="Inc">
      <UniqueIdentifier>{a812ae81-8b6a-410d-8f21-5bd1062fa38d}</UniqueIdentifier>
    </Filter>
    <Filter Include="Src">
      <UniqueIdentifier>{a9aaef79-6ebf-479a-84ed-67b7beb39951}</UniqueIdentifier>
    </Filter>
    <Filter Include="Pipelines">
      <UniqueIdentifier>{14041756-4fb4-4f0d-94d6-353ba43e948d}</UniqueIdentifier>
    </Filter>
    <Filter Include="Buffers">
      <UniqueIdentifier>{adcaf5aa-82e2-427c-b768-b40d667acec8}</UniqueIdentifier>
    </Filter>
    <Filter Include="Implements">
      <UniqueIdentifier>{6869302e-7e31-40e6-b166-1ce9e718c6ce}</UniqueIdentifier>
    </Filter>
    <Filter Include="States">
      <UniqueIdentifier>{4354d858-6cf3-4836-80f9-c3220821b223}</UniqueIdentifier>
    </Filter>
  </ItemGroup>
</Project>